{
  "version": 4,
  "terraform_version": "1.14.8",
  "serial": 47,
  "lineage": "f1d84631-d96f-eb60-9556-5738f5b8b67e",
  "outputs": {
    "app_alb_dns": {
      "value": "internal-chat-app-app-alb-1910304180.ap-south-1.elb.amazonaws.com",
      "type": "string"
    },
    "app_private_subnet_ids": {
      "value": [
        "subnet-031d348da6e8c0cc4",
        "subnet-0a1cf7518b20a9a41"
      ],
      "type": [
        "tuple",
        [
          "string",
          "string"
        ]
      ]
    },
    "aurora_endpoint": {
      "value": "chat-app-aurora-cluster.cluster-c188akcmoy0q.ap-south-1.rds.amazonaws.com",
      "type": "string"
    },
    "aurora_reader_endpoint": {
      "value": "chat-app-aurora-cluster.cluster-ro-c188akcmoy0q.ap-south-1.rds.amazonaws.com",
      "type": "string"
    },
    "db_private_subnet_ids": {
      "value": [
        "subnet-0487acc4e2f7cee73",
        "subnet-048ff8875aff2a788"
      ],
      "type": [
        "tuple",
        [
          "string",
          "string"
        ]
      ]
    },
    "public_subnet_ids": {
      "value": [
        "subnet-08549479419a8673e",
        "subnet-05cff5357d51f59c1"
      ],
      "type": [
        "tuple",
        [
          "string",
          "string"
        ]
      ]
    },
    "vpc_id": {
      "value": "vpc-099502af5994b8130",
      "type": "string"
    },
    "web_alb_dns": {
      "value": "http://chat-app-web-alb-144955689.ap-south-1.elb.amazonaws.com",
      "type": "string"
    }
  },
  "resources": [
    {
      "mode": "managed",
      "type": "aws_autoscaling_group",
      "name": "app",
      "provider": "provider[\"registry.terraform.io/hashicorp/aws\"]",
      "instances": [
        {
          "schema_version": 1,
          "attributes": {
            "arn": "arn:aws:autoscaling:ap-south-1:235494809975:autoScalingGroup:984ddd9d-02da-49b2-a9b5-9077b88f95fe:autoScalingGroupName/chat-app-app-asg",
            "availability_zone_distribution": [
              {
                "capacity_distribution_strategy": "balanced-best-effort"
              }
            ],
            "availability_zones": [
              "ap-south-1a",
              "ap-south-1b"
            ],
            "capacity_rebalance": false,
            "capacity_reservation_specification": [
              {
                "capacity_reservation_preference": "default",
                "capacity_reservation_target": []
              }
            ],
            "context": "",
            "default_cooldown": 300,
            "default_instance_warmup": 0,
            "desired_capacity": 2,
            "desired_capacity_type": "",
            "enabled_metrics": null,
            "force_delete": false,
            "force_delete_warm_pool": false,
            "health_check_grace_period": 180,
            "health_check_type": "ELB",
            "id": "chat-app-app-asg",
            "ignore_failed_scaling_activities": false,
            "initial_lifecycle_hook": [],
            "instance_maintenance_policy": [],
            "instance_refresh": [],
            "launch_configuration": "",
            "launch_template": [
              {
                "id": "lt-067c4ad9644b44e33",
                "name": "chat-app-app-lt-2026041217314697930000000a",
                "version": "$Latest"
              }
            ],
            "load_balancers": [],
            "max_instance_lifetime": 0,
            "max_size": 4,
            "metrics_granularity": "1Minute",
            "min_elb_capacity": null,
            "min_size": 2,
            "mixed_instances_policy": [],
            "name": "chat-app-app-asg",
            "name_prefix": "",
            "placement_group": "",
            "predicted_capacity": 0,
            "protect_from_scale_in": false,
            "service_linked_role_arn": "arn:aws:iam::235494809975:role/aws-service-role/autoscaling.amazonaws.com/AWSServiceRoleForAutoScaling",
            "suspended_processes": null,
            "tag": [
              {
                "key": "Name",
                "propagate_at_launch": true,
                "value": "chat-app-app-asg"
              }
            ],
            "target_group_arns": [
              "arn:aws:elasticloadbalancing:ap-south-1:235494809975:targetgroup/chat-app-app-tg/f83e6fa7456323cc"
            ],
            "termination_policies": null,
            "timeouts": null,
            "traffic_source": [
              {
                "identifier": "arn:aws:elasticloadbalancing:ap-south-1:235494809975:targetgroup/chat-app-app-tg/f83e6fa7456323cc",
                "type": "elbv2"
              }
            ],
            "vpc_zone_identifier": [
              "subnet-031d348da6e8c0cc4",
              "subnet-0a1cf7518b20a9a41"
            ],
            "wait_for_capacity_timeout": "10m",
            "wait_for_elb_capacity": null,
            "warm_pool": [],
            "warm_pool_size": 0
          },
          "sensitive_attributes": [],
          "identity_schema_version": 0,
          "private": "eyJlMmJmYjczMC1lY2FhLTExZTYtOGY4OC0zNDM2M2JjN2M0YzAiOnsiZGVsZXRlIjo2MDAwMDAwMDAwMDAsInVwZGF0ZSI6NjAwMDAwMDAwMDAwfSwic2NoZW1hX3ZlcnNpb24iOiIxIn0=",
          "dependencies": [
            "aws_db_subnet_group.aurora",
            "aws_iam_instance_profile.ec2_ssm",
            "aws_iam_role.ec2_ssm",
            "aws_launch_template.app",
            "aws_lb.web",
            "aws_lb_target_group.app",
            "aws_rds_cluster.aurora",
            "aws_security_group.app_alb",
            "aws_security_group.app_ec2",
            "aws_security_group.db",
            "aws_security_group.web_alb",
            "aws_security_group.web_ec2",
            "aws_subnet.app_private",
            "aws_subnet.db_private",
            "aws_subnet.public",
            "aws_vpc.main"
          ]
        }
      ]
    },
    {
      "mode": "managed",
      "type": "aws_autoscaling_group",
      "name": "web",
      "provider": "provider[\"registry.terraform.io/hashicorp/aws\"]",
      "instances": [
        {
          "schema_version": 1,
          "attributes": {
            "arn": "arn:aws:autoscaling:ap-south-1:235494809975:autoScalingGroup:9bf422a5-7a31-4c8e-94cd-a60649a1aa65:autoScalingGroupName/chat-app-web-asg",
            "availability_zone_distribution": [
              {
                "capacity_distribution_strategy": "balanced-best-effort"
              }
            ],
            "availability_zones": [
              "ap-south-1a",
              "ap-south-1b"
            ],
            "capacity_rebalance": false,
            "capacity_reservation_specification": [
              {
                "capacity_reservation_preference": "default",
                "capacity_reservation_target": []
              }
            ],
            "context": "",
            "default_cooldown": 300,
            "default_instance_warmup": 0,
            "desired_capacity": 2,
            "desired_capacity_type": "",
            "enabled_metrics": null,
            "force_delete": false,
            "force_delete_warm_pool": false,
            "health_check_grace_period": 120,
            "health_check_type": "ELB",
            "id": "chat-app-web-asg",
            "ignore_failed_scaling_activities": false,
            "initial_lifecycle_hook": [],
            "instance_maintenance_policy": [],
            "instance_refresh": [],
            "launch_configuration": "",
            "launch_template": [
              {
                "id": "lt-0b30c3192e1f17acc",
                "name": "chat-app-web-lt-20260412173134490100000008",
                "version": "$Latest"
              }
            ],
            "load_balancers": [],
            "max_instance_lifetime": 0,
            "max_size": 4,
            "metrics_granularity": "1Minute",
            "min_elb_capacity": null,
            "min_size": 2,
            "mixed_instances_policy": [],
            "name": "chat-app-web-asg",
            "name_prefix": "",
            "placement_group": "",
            "predicted_capacity": 0,
            "protect_from_scale_in": false,
            "service_linked_role_arn": "arn:aws:iam::235494809975:role/aws-service-role/autoscaling.amazonaws.com/AWSServiceRoleForAutoScaling",
            "suspended_processes": null,
            "tag": [
              {
                "key": "Name",
                "propagate_at_launch": true,
                "value": "chat-app-web-asg"
              }
            ],
            "target_group_arns": [
              "arn:aws:elasticloadbalancing:ap-south-1:235494809975:targetgroup/chat-app-web-tg/49c3398a63b93247"
            ],
            "termination_policies": null,
            "timeouts": null,
            "traffic_source": [
              {
                "identifier": "arn:aws:elasticloadbalancing:ap-south-1:235494809975:targetgroup/chat-app-web-tg/49c3398a63b93247",
                "type": "elbv2"
              }
            ],
            "vpc_zone_identifier": [
              "subnet-05cff5357d51f59c1",
              "subnet-08549479419a8673e"
            ],
            "wait_for_capacity_timeout": "10m",
            "wait_for_elb_capacity": null,
            "warm_pool": [],
            "warm_pool_size": 0
          },
          "sensitive_attributes": [],
          "identity_schema_version": 0,
          "private": "eyJlMmJmYjczMC1lY2FhLTExZTYtOGY4OC0zNDM2M2JjN2M0YzAiOnsiZGVsZXRlIjo2MDAwMDAwMDAwMDAsInVwZGF0ZSI6NjAwMDAwMDAwMDAwfSwic2NoZW1hX3ZlcnNpb24iOiIxIn0=",
          "dependencies": [
            "aws_iam_instance_profile.ec2_ssm",
            "aws_iam_role.ec2_ssm",
            "aws_launch_template.web",
            "aws_lb.app",
            "aws_lb_target_group.web",
            "aws_security_group.app_alb",
            "aws_security_group.web_alb",
            "aws_security_group.web_ec2",
            "aws_subnet.app_private",
            "aws_subnet.public",
            "aws_vpc.main"
          ]
        }
      ]
    },
    {
      "mode": "managed",
      "type": "aws_autoscaling_policy",
      "name": "app_cpu",
      "provider": "provider[\"registry.terraform.io/hashicorp/aws\"]",
      "instances": [
        {
          "schema_version": 0,
          "attributes": {
            "adjustment_type": "",
            "arn": "arn:aws:autoscaling:ap-south-1:235494809975:scalingPolicy:c883e5ee-7c55-4f44-b47c-08c62b7f75e8:autoScalingGroupName/chat-app-app-asg:policyName/chat-app-app-cpu-policy",
            "autoscaling_group_name": "chat-app-app-asg",
            "cooldown": 0,
            "enabled": true,
            "estimated_instance_warmup": 0,
            "id": "chat-app-app-cpu-policy",
            "metric_aggregation_type": "",
            "min_adjustment_magnitude": 0,
            "name": "chat-app-app-cpu-policy",
            "policy_type": "TargetTrackingScaling",
            "predictive_scaling_configuration": [],
            "scaling_adjustment": 0,
            "step_adjustment": [],
            "target_tracking_configuration": [
              {
                "customized_metric_specification": [],
                "disable_scale_in": false,
                "predefined_metric_specification": [
                  {
                    "predefined_metric_type": "ASGAverageCPUUtilization",
                    "resource_label": ""
                  }
                ],
                "target_value": 60
              }
            ]
          },
          "sensitive_attributes": [],
          "identity_schema_version": 0,
          "private": "bnVsbA==",
          "dependencies": [
            "aws_autoscaling_group.app",
            "aws_db_subnet_group.aurora",
            "aws_iam_instance_profile.ec2_ssm",
            "aws_iam_role.ec2_ssm",
            "aws_launch_template.app",
            "aws_lb.web",
            "aws_lb_target_group.app",
            "aws_rds_cluster.aurora",
            "aws_security_group.app_alb",
            "aws_security_group.app_ec2",
            "aws_security_group.db",
            "aws_security_group.web_alb",
            "aws_security_group.web_ec2",
            "aws_subnet.app_private",
            "aws_subnet.db_private",
            "aws_subnet.public",
            "aws_vpc.main"
          ]
        }
      ]
    },
    {
      "mode": "managed",
      "type": "aws_autoscaling_policy",
      "name": "web_cpu",
      "provider": "provider[\"registry.terraform.io/hashicorp/aws\"]",
      "instances": [
        {
          "schema_version": 0,
          "attributes": {
            "adjustment_type": "",
            "arn": "arn:aws:autoscaling:ap-south-1:235494809975:scalingPolicy:5017c0c7-0376-4ddc-90c8-362d9dce04ce:autoScalingGroupName/chat-app-web-asg:policyName/chat-app-web-cpu-policy",
            "autoscaling_group_name": "chat-app-web-asg",
            "cooldown": 0,
            "enabled": true,
            "estimated_instance_warmup": 0,
            "id": "chat-app-web-cpu-policy",
            "metric_aggregation_type": "",
            "min_adjustment_magnitude": 0,
            "name": "chat-app-web-cpu-policy",
            "policy_type": "TargetTrackingScaling",
            "predictive_scaling_configuration": [],
            "scaling_adjustment": 0,
            "step_adjustment": [],
            "target_tracking_configuration": [
              {
                "customized_metric_specification": [],
                "disable_scale_in": false,
                "predefined_metric_specification": [
                  {
                    "predefined_metric_type": "ASGAverageCPUUtilization",
                    "resource_label": ""
                  }
                ],
                "target_value": 60
              }
            ]
          },
          "sensitive_attributes": [],
          "identity_schema_version": 0,
          "private": "bnVsbA==",
          "dependencies": [
            "aws_autoscaling_group.web",
            "aws_iam_instance_profile.ec2_ssm",
            "aws_iam_role.ec2_ssm",
            "aws_launch_template.web",
            "aws_lb.app",
            "aws_lb_target_group.web",
            "aws_security_group.app_alb",
            "aws_security_group.web_alb",
            "aws_security_group.web_ec2",
            "aws_subnet.app_private",
            "aws_subnet.public",
            "aws_vpc.main"
          ]
        }
      ]
    },
    {
      "mode": "managed",
      "type": "aws_db_subnet_group",
      "name": "aurora",
      "provider": "provider[\"registry.terraform.io/hashicorp/aws\"]",
      "instances": [
        {
          "schema_version": 0,
          "attributes": {
            "arn": "arn:aws:rds:ap-south-1:235494809975:subgrp:chat-app-aurora-subnet-group",
            "description": "Managed by Terraform",
            "id": "chat-app-aurora-subnet-group",
            "name": "chat-app-aurora-subnet-group",
            "name_prefix": "",
            "subnet_ids": [
              "subnet-0487acc4e2f7cee73",
              "subnet-048ff8875aff2a788"
            ],
            "supported_network_types": [
              "IPV4"
            ],
            "tags": {
              "Name": "chat-app-aurora-subnet-group"
            },
            "tags_all": {
              "Environment": "prod",
              "ManagedBy": "Terraform",
              "Name": "chat-app-aurora-subnet-group",
              "Project": "chat-app"
            },
            "vpc_id": "vpc-099502af5994b8130"
          },
          "sensitive_attributes": [],
          "identity_schema_version": 0,
          "private": "bnVsbA==",
          "dependencies": [
            "aws_subnet.db_private",
            "aws_vpc.main"
          ],
          "create_before_destroy": true
        }
      ]
    },
    {
      "mode": "managed",
      "type": "aws_eip",
      "name": "nat",
      "provider": "provider[\"registry.terraform.io/hashicorp/aws\"]",
      "instances": [
        {
          "index_key": 0,
          "schema_version": 0,
          "attributes": {
            "address": null,
            "allocation_id": "eipalloc-07c5edff594a21722",
            "arn": "arn:aws:ec2:ap-south-1:235494809975:elastic-ip/eipalloc-07c5edff594a21722",
            "associate_with_private_ip": null,
            "association_id": "",
            "carrier_ip": "",
            "customer_owned_ip": "",
            "customer_owned_ipv4_pool": "",
            "domain": "vpc",
            "id": "eipalloc-07c5edff594a21722",
            "instance": "",
            "ipam_pool_id": null,
            "network_border_group": "ap-south-1",
            "network_interface": "",
            "private_dns": null,
            "private_ip": "",
            "ptr_record": "",
            "public_dns": "ec2-43-204-132-146.ap-south-1.compute.amazonaws.com",
            "public_ip": "43.204.132.146",
            "public_ipv4_pool": "amazon",
            "tags": {
              "Name": "chat-app-nat-eip-1"
            },
            "tags_all": {
              "Environment": "prod",
              "ManagedBy": "Terraform",
              "Name": "chat-app-nat-eip-1",
              "Project": "chat-app"
            },
            "timeouts": null,
            "vpc": true
          },
          "sensitive_attributes": [],
          "identity_schema_version": 0,
          "private": "eyJlMmJmYjczMC1lY2FhLTExZTYtOGY4OC0zNDM2M2JjN2M0YzAiOnsiZGVsZXRlIjoxODAwMDAwMDAwMDAsInJlYWQiOjkwMDAwMDAwMDAwMCwidXBkYXRlIjozMDAwMDAwMDAwMDB9fQ=="
        },
        {
          "index_key": 1,
          "schema_version": 0,
          "attributes": {
            "address": null,
            "allocation_id": "eipalloc-0a53bb6180e2c99fc",
            "arn": "arn:aws:ec2:ap-south-1:235494809975:elastic-ip/eipalloc-0a53bb6180e2c99fc",
            "associate_with_private_ip": null,
            "association_id": "",
            "carrier_ip": "",
            "customer_owned_ip": "",
            "customer_owned_ipv4_pool": "",
            "domain": "vpc",
            "id": "eipalloc-0a53bb6180e2c99fc",
            "instance": "",
            "ipam_pool_id": null,
            "network_border_group": "ap-south-1",
            "network_interface": "",
            "private_dns": null,
            "private_ip": "",
            "ptr_record": "",
            "public_dns": "ec2-13-206-55-89.ap-south-1.compute.amazonaws.com",
            "public_ip": "13.206.55.89",
            "public_ipv4_pool": "amazon",
            "tags": {
              "Name": "chat-app-nat-eip-2"
            },
            "tags_all": {
              "Environment": "prod",
              "ManagedBy": "Terraform",
              "Name": "chat-app-nat-eip-2",
              "Project": "chat-app"
            },
            "timeouts": null,
            "vpc": true
          },
          "sensitive_attributes": [],
          "identity_schema_version": 0,
          "private": "eyJlMmJmYjczMC1lY2FhLTExZTYtOGY4OC0zNDM2M2JjN2M0YzAiOnsiZGVsZXRlIjoxODAwMDAwMDAwMDAsInJlYWQiOjkwMDAwMDAwMDAwMCwidXBkYXRlIjozMDAwMDAwMDAwMDB9fQ=="
        }
      ]
    },
    {
      "mode": "managed",
      "type": "aws_iam_instance_profile",
      "name": "ec2_ssm",
      "provider": "provider[\"registry.terraform.io/hashicorp/aws\"]",
      "instances": [
        {
          "schema_version": 0,
          "attributes": {
            "arn": "arn:aws:iam::235494809975:instance-profile/chat-app-ec2-ssm-profile",
            "create_date": "2026-04-12T17:29:02Z",
            "id": "chat-app-ec2-ssm-profile",
            "name": "chat-app-ec2-ssm-profile",
            "name_prefix": "",
            "path": "/",
            "role": "chat-app-ec2-ssm-role",
            "tags": null,
            "tags_all": {
              "Environment": "prod",
              "ManagedBy": "Terraform",
              "Project": "chat-app"
            },
            "unique_id": "AIPATNVEVUF3YTP22D3B7"
          },
          "sensitive_attributes": [],
          "identity_schema_version": 0,
          "private": "bnVsbA==",
          "dependencies": [
            "aws_iam_role.ec2_ssm"
          ],
          "create_before_destroy": true
        }
      ]
    },
    {
      "mode": "managed",
      "type": "aws_iam_role",
      "name": "ec2_ssm",
      "provider": "provider[\"registry.terraform.io/hashicorp/aws\"]",
      "instances": [
        {
          "schema_version": 0,
          "attributes": {
            "arn": "arn:aws:iam::235494809975:role/chat-app-ec2-ssm-role",
            "assume_role_policy": "{\"Statement\":[{\"Action\":\"sts:AssumeRole\",\"Effect\":\"Allow\",\"Principal\":{\"Service\":\"ec2.amazonaws.com\"}}],\"Version\":\"2012-10-17\"}",
            "create_date": "2026-04-12T17:29:01Z",
            "description": "",
            "force_detach_policies": false,
            "id": "chat-app-ec2-ssm-role",
            "inline_policy": [],
            "managed_policy_arns": [],
            "max_session_duration": 3600,
            "name": "chat-app-ec2-ssm-role",
            "name_prefix": "",
            "path": "/",
            "permissions_boundary": "",
            "tags": null,
            "tags_all": {
              "Environment": "prod",
              "ManagedBy": "Terraform",
              "Project": "chat-app"
            },
            "unique_id": "AROATNVEVUF3RG4MZMSSZ"
          },
          "sensitive_attributes": [],
          "identity_schema_version": 0,
          "private": "bnVsbA==",
          "create_before_destroy": true
        }
      ]
    },
    {
      "mode": "managed",
      "type": "aws_iam_role_policy_attachment",
      "name": "ssm",
      "provider": "provider[\"registry.terraform.io/hashicorp/aws\"]",
      "instances": [
        {
          "schema_version": 0,
          "attributes": {
            "id": "chat-app-ec2-ssm-role-20260412172902822400000001",
            "policy_arn": "arn:aws:iam::aws:policy/AmazonSSMManagedInstanceCore",
            "role": "chat-app-ec2-ssm-role"
          },
          "sensitive_attributes": [],
          "identity_schema_version": 0,
          "private": "bnVsbA==",
          "dependencies": [
            "aws_iam_role.ec2_ssm"
          ]
        }
      ]
    },
    {
      "mode": "managed",
      "type": "aws_internet_gateway",
      "name": "main",
      "provider": "provider[\"registry.terraform.io/hashicorp/aws\"]",
      "instances": [
        {
          "schema_version": 0,
          "attributes": {
            "arn": "arn:aws:ec2:ap-south-1:235494809975:internet-gateway/igw-0dac1ab68f47a28ca",
            "id": "igw-0dac1ab68f47a28ca",
            "owner_id": "235494809975",
            "tags": {
              "Name": "chat-app-igw"
            },
            "tags_all": {
              "Environment": "prod",
              "ManagedBy": "Terraform",
              "Name": "chat-app-igw",
              "Project": "chat-app"
            },
            "timeouts": null,
            "vpc_id": "vpc-099502af5994b8130"
          },
          "sensitive_attributes": [],
          "identity_schema_version": 0,
          "private": "eyJlMmJmYjczMC1lY2FhLTExZTYtOGY4OC0zNDM2M2JjN2M0YzAiOnsiY3JlYXRlIjoxMjAwMDAwMDAwMDAwLCJkZWxldGUiOjEyMDAwMDAwMDAwMDAsInVwZGF0ZSI6MTIwMDAwMDAwMDAwMH19",
          "dependencies": [
            "aws_vpc.main"
          ]
        }
      ]
    },
    {
      "mode": "managed",
      "type": "aws_launch_template",
      "name": "app",
      "provider": "provider[\"registry.terraform.io/hashicorp/aws\"]",
      "instances": [
        {
          "schema_version": 0,
          "attributes": {
            "arn": "arn:aws:ec2:ap-south-1:235494809975:launch-template/lt-067c4ad9644b44e33",
            "block_device_mappings": [],
            "capacity_reservation_specification": [],
            "cpu_options": [],
            "credit_specification": [],
            "default_version": 1,
            "description": "",
            "disable_api_stop": false,
            "disable_api_termination": false,
            "ebs_optimized": "",
            "elastic_gpu_specifications": [],
            "elastic_inference_accelerator": [],
            "enclave_options": [],
            "hibernation_options": [],
            "iam_instance_profile": [
              {
                "arn": "",
                "name": "chat-app-ec2-ssm-profile"
              }
            ],
            "id": "lt-067c4ad9644b44e33",
            "image_id": "ami-0ffef61f6dc37ae89",
            "instance_initiated_shutdown_behavior": "",
            "instance_market_options": [],
            "instance_requirements": [],
            "instance_type": "t2.micro",
            "kernel_id": "",
            "key_name": "k2",
            "latest_version": 1,
            "license_specification": [],
            "maintenance_options": [],
            "metadata_options": [],
            "monitoring": [],
            "name": "chat-app-app-lt-2026041217314697930000000a",
            "name_prefix": "chat-app-app-lt-",
            "network_interfaces": [
              {
                "associate_carrier_ip_address": "",
                "associate_public_ip_address": "false",
                "connection_tracking_specification": [],
                "delete_on_termination": "",
                "description": "",
                "device_index": 0,
                "ena_srd_specification": [],
                "interface_type": "",
                "ipv4_address_count": 0,
                "ipv4_addresses": null,
                "ipv4_prefix_count": 0,
                "ipv4_prefixes": null,
                "ipv6_address_count": 0,
                "ipv6_addresses": null,
                "ipv6_prefix_count": 0,
                "ipv6_prefixes": null,
                "network_card_index": 0,
                "network_interface_id": "",
                "primary_ipv6": "",
                "private_ip_address": "",
                "security_groups": [
                  "sg-0cf01c41734fde295"
                ],
                "subnet_id": ""
              }
            ],
            "placement": [],
            "private_dns_name_options": [],
            "ram_disk_id": "",
            "security_group_names": null,
            "tag_specifications": [
              {
                "resource_type": "instance",
                "tags": {
                  "Name": "chat-app-app-instance"
                }
              }
            ],
            "tags": null,
            "tags_all": {
              "Environment": "prod",
              "ManagedBy": "Terraform",
              "Project": "chat-app"
            },
            "update_default_version": null,
            "user_data": "IyEvYmluL2Jhc2gKc2V0IC1ldW8gcGlwZWZhaWwKZXhlYyA+ID4odGVlIC92YXIvbG9nL2FwcC11c2VyZGF0YS5sb2cpIDI+JjEKCmVjaG8gIj09PSBBcHAgVGllciBCb290c3RyYXA6ICQoZGF0ZSkgPT09IgoKIyDilIDilIDilIAgU3lzdGVtIHVwZGF0ZXMgJiBkZXBlbmRlbmNpZXMg4pSA4pSA4pSA4pSA4pSA4pSA4pSA4pSA4pSA4pSA4pSA4pSA4pSA4pSA4pSA4pSA4pSA4pSA4pSA4pSA4pSA4pSA4pSA4pSA4pSA4pSA4pSA4pSA4pSA4pSA4pSA4pSA4pSA4pSA4pSA4pSA4pSA4pSA4pSA4pSA4pSA4pSA4pSACmRuZiB1cGRhdGUgLXkKZG5mIGluc3RhbGwgLXkgZ2l0IHB5dGhvbjMgcHl0aG9uMy1waXAgcHl0aG9uMy1kZXZlbCBnY2MgcG9zdGdyZXNxbC1kZXZlbAoKIyDilIDilIDilIAgQ2xvbmUgcmVwb3NpdG9yeSDilIDilIDilIDilIDilIDilIDilIDilIDilIDilIDilIDilIDilIDilIDilIDilIDilIDilIDilIDilIDilIDilIDilIDilIDilIDilIDilIDilIDilIDilIDilIDilIDilIDilIDilIDilIDilIDilIDilIDilIDilIDilIDilIDilIDilIDilIDilIDilIDilIDilIDilIDilIDilIDilIDilIDilIDilIAKUkVQT19VUkw9Imh0dHBzOi8vZ2l0aHViLmNvbS9NZHNrdW4vY2hhdGFwcC5naXQiCkFQUF9ESVI9Ii9vcHQvY2hhdC1hcHAiCgpnaXQgY2xvbmUgIiRSRVBPX1VSTCIgIiRBUFBfRElSIiB8fCB7CiAgZWNobyAiRVJST1I6IEZhaWxlZCB0byBjbG9uZSByZXBvLiIKICBleGl0IDEKfQoKIyDilIDilIDilIAgUHl0aG9uIHZpcnR1YWwgZW52aXJvbm1lbnQg4pSA4pSA4pSA4pSA4pSA4pSA4pSA4pSA4pSA4pSA4pSA4pSA4pSA4pSA4pSA4pSA4pSA4pSA4pSA4pSA4pSA4pSA4pSA4pSA4pSA4pSA4pSA4pSA4pSA4pSA4pSA4pSA4pSA4pSA4pSA4pSA4pSA4pSA4pSA4pSA4pSA4pSA4pSA4pSA4pSA4pSA4pSACmNkICIkQVBQX0RJUi9iYWNrZW5kIgpweXRob24zIC1tIHZlbnYgdmVudgpzb3VyY2UgdmVudi9iaW4vYWN0aXZhdGUKCnBpcCBpbnN0YWxsIC0tdXBncmFkZSBwaXAKcGlwIGluc3RhbGwgLXIgcmVxdWlyZW1lbnRzLnR4dApwaXAgaW5zdGFsbCBndW5pY29ybiBwc3ljb3BnMi1iaW5hcnkgICMgQWRkIFBvc3RncmVTUUwgZHJpdmVyCgojIOKUgOKUgOKUgCBFbnZpcm9ubWVudCB2YXJpYWJsZXMg4pSA4pSA4pSA4pSA4pSA4pSA4pSA4pSA4pSA4pSA4pSA4pSA4pSA4pSA4pSA4pSA4pSA4pSA4pSA4pSA4pSA4pSA4pSA4pSA4pSA4pSA4pSA4pSA4pSA4pSA4pSA4pSA4pSA4pSA4pSA4pSA4pSA4pSA4pSA4pSA4pSA4pSA4pSA4pSA4pSA4pSA4pSA4pSA4pSA4pSA4pSA4pSACiMgSW4gcHJvZHVjdGlvbiwgcHJlZmVyIEFXUyBTZWNyZXRzIE1hbmFnZXIgb3IgU1NNIFBhcmFtZXRlciBTdG9yZQpjYXQgPiAiJEFQUF9ESVIvYmFja2VuZC8uZW52IiA8PEVPRgpESkFOR09fU0VDUkVUX0tFWT00NWY1NmI4ZThkZTI1NGIyOGZjNTQ0M2YwODY5ZDc0ZApSRUdJU1RSQVRJT05fU0VDUkVUPTJIWUNOSFV2eWs0ZllVYjE0MVFHSlB5NVhDS2hRMWJvCkRKQU5HT19ERUJVRz1GYWxzZQpESkFOR09fQUxMT1dFRF9IT1NUUz1jaGF0LWFwcC13ZWItYWxiLTE0NDk1NTY4OS5hcC1zb3V0aC0xLmVsYi5hbWF6b25hd3MuY29tLGxvY2FsaG9zdCwxMjcuMC4wLjEKCiMgUG9zdGdyZVNRTCAvIEF1cm9yYSBjb25uZWN0aW9uCkRCX0VOR0lORT1kamFuZ28uZGIuYmFja2VuZHMucG9zdGdyZXNxbApEQl9IT1NUPWNoYXQtYXBwLWF1cm9yYS1jbHVzdGVyLmNsdXN0ZXItYzE4OGFrY21veTBxLmFwLXNvdXRoLTEucmRzLmFtYXpvbmF3cy5jb20KREJfUE9SVD01NDMyCkRCX05BTUU9Y2hhdGFwcApEQl9VU0VSPWNoYXRhZG1pbgpEQl9QQVNTV09SRD0xMjM0NTY3ODlhYmMKRU9GCgojIOKUgOKUgOKUgCBVcGRhdGUgRGphbmdvIHNldHRpbmdzIGZvciBQb3N0Z3JlU1FMIOKUgOKUgOKUgOKUgOKUgOKUgOKUgOKUgOKUgOKUgOKUgOKUgOKUgOKUgOKUgOKUgOKUgOKUgOKUgOKUgOKUgOKUgOKUgOKUgOKUgOKUgOKUgOKUgOKUgOKUgOKUgOKUgOKUgOKUgOKUgOKUgAojIFRoaXMgcGF0Y2hlcyBzZXR0aW5ncy5weSB0byB1c2UgZW52LWJhc2VkIERCIGNvbmZpZy4KIyBJZiB5b3VyIHNldHRpbmdzLnB5IGFscmVhZHkgcmVhZHMgZnJvbSBlbnYsIHRoaXMgYmxvY2sgY2FuIGJlIHJlbW92ZWQuCnB5dGhvbjMgLSA8PCdQWUVPRicKaW1wb3J0IG9zLCByZQoKc2V0dGluZ3NfcGF0aCA9ICIvb3B0L2NoYXQtYXBwL2JhY2tlbmQvY2hhdF9wcm9qZWN0L3NldHRpbmdzLnB5Igp3aXRoIG9wZW4oc2V0dGluZ3NfcGF0aCwgInIiKSBhcyBmOgogICAgY29udGVudCA9IGYucmVhZCgpCgpkYl9ibG9jayA9ICIiIgppbXBvcnQgb3MgYXMgX29zCkRBVEFCQVNFUyA9IHsKICAgICdkZWZhdWx0JzogewogICAgICAgICdFTkdJTkUnOiAgIF9vcy5lbnZpcm9uLmdldCgnREJfRU5HSU5FJywgJ2RqYW5nby5kYi5iYWNrZW5kcy5wb3N0Z3Jlc3FsJyksCiAgICAgICAgJ05BTUUnOiAgICAgX29zLmVudmlyb24uZ2V0KCdEQl9OQU1FJywgJ2NoYXRhcHAnKSwKICAgICAgICAnVVNFUic6ICAgICBfb3MuZW52aXJvbi5nZXQoJ0RCX1VTRVInLCAnY2hhdGFkbWluJyksCiAgICAgICAgJ1BBU1NXT1JEJzogX29zLmVudmlyb24uZ2V0KCdEQl9QQVNTV09SRCcsICcnKSwKICAgICAgICAnSE9TVCc6ICAgICBfb3MuZW52aXJvbi5nZXQoJ0RCX0hPU1QnLCAnbG9jYWxob3N0JyksCiAgICAgICAgJ1BPUlQnOiAgICAgX29zLmVudmlyb24uZ2V0KCdEQl9QT1JUJywgJzU0MzInKSwKICAgIH0KfQoiIiIKCiMgUmVwbGFjZSB0aGUgZXhpc3RpbmcgREFUQUJBU0VTIGRpY3QKY29udGVudCA9IHJlLnN1YigKICAgIHIiREFUQUJBU0VTXHMqPVxzKlx7Lio/XH0oXHMqXH0pKyIsCiAgICBkYl9ibG9jaywKICAgIGNvbnRlbnQsCiAgICBmbGFncz1yZS5ET1RBTEwsCikKCiMgQWRkIEFMTE9XRURfSE9TVFMgZnJvbSBlbnYgaWYgbm90IGFscmVhZHkgZHluYW1pYwphbGxvd2VkX2hvc3RzX2xpbmUgPSAiQUxMT1dFRF9IT1NUUyA9IF9vcy5lbnZpcm9uLmdldCgnREpBTkdPX0FMTE9XRURfSE9TVFMnLCAnbG9jYWxob3N0Jykuc3BsaXQoJywnKVxuIgpjb250ZW50ID0gcmUuc3ViKHIiQUxMT1dFRF9IT1NUU1xzKj1ccypcWy4qP1xdIiwgYWxsb3dlZF9ob3N0c19saW5lLCBjb250ZW50LCBmbGFncz1yZS5ET1RBTEwpCgp3aXRoIG9wZW4oc2V0dGluZ3NfcGF0aCwgInciKSBhcyBmOgogICAgZi53cml0ZShjb250ZW50KQpwcmludCgic2V0dGluZ3MucHkgcGF0Y2hlZCBmb3IgQXVyb3JhIFBvc3RncmVTUUwuIikKUFlFT0YKCiMg4pSA4pSA4pSAIERqYW5nbyBtaWdyYXRpb25zICYgc3RhdGljIGZpbGVzIOKUgOKUgOKUgOKUgOKUgOKUgOKUgOKUgOKUgOKUgOKUgOKUgOKUgOKUgOKUgOKUgOKUgOKUgOKUgOKUgOKUgOKUgOKUgOKUgOKUgOKUgOKUgOKUgOKUgOKUgOKUgOKUgOKUgOKUgOKUgOKUgOKUgOKUgOKUgOKUgApleHBvcnQgJChncmVwIC12ICdeIycgIiRBUFBfRElSL2JhY2tlbmQvLmVudiIgfCB4YXJncykKCnB5dGhvbiBtYW5hZ2UucHkgbWlncmF0ZSAtLW5vLWlucHV0CnB5dGhvbiBtYW5hZ2UucHkgY29sbGVjdHN0YXRpYyAtLW5vLWlucHV0CgojIOKUgOKUgOKUgCBHdW5pY29ybiBzeXN0ZW1kIHNlcnZpY2Ug4pSA4pSA4pSA4pSA4pSA4pSA4pSA4pSA4pSA4pSA4pSA4pSA4pSA4pSA4pSA4pSA4pSA4pSA4pSA4pSA4pSA4pSA4pSA4pSA4pSA4pSA4pSA4pSA4pSA4pSA4pSA4pSA4pSA4pSA4pSA4pSA4pSA4pSA4pSA4pSA4pSA4pSA4pSA4pSA4pSA4pSA4pSA4pSA4pSACmNhdCA+IC9ldGMvc3lzdGVtZC9zeXN0ZW0vZ3VuaWNvcm4uc2VydmljZSA8PEVPRgpbVW5pdF0KRGVzY3JpcHRpb249R3VuaWNvcm4gZGFlbW9uIGZvciBEamFuZ28gQ2hhdCBBcHAKQWZ0ZXI9bmV0d29yay50YXJnZXQKCltTZXJ2aWNlXQpVc2VyPXJvb3QKR3JvdXA9cm9vdApXb3JraW5nRGlyZWN0b3J5PSRBUFBfRElSL2JhY2tlbmQKRW52aXJvbm1lbnRGaWxlPSRBUFBfRElSL2JhY2tlbmQvLmVudgpFeGVjU3RhcnQ9JEFQUF9ESVIvYmFja2VuZC92ZW52L2Jpbi9ndW5pY29ybiBcXAogICAgLS13b3JrZXJzIDQgXFwKICAgIC0tYmluZCAwLjAuMC4wOjgwMDAgXFwKICAgIC0tdGltZW91dCAxMjAgXFwKICAgIC0tYWNjZXNzLWxvZ2ZpbGUgL3Zhci9sb2cvZ3VuaWNvcm4tYWNjZXNzLmxvZyBcXAogICAgLS1lcnJvci1sb2dmaWxlIC92YXIvbG9nL2d1bmljb3JuLWVycm9yLmxvZyBcXAogICAgY2hhdF9wcm9qZWN0LndzZ2k6YXBwbGljYXRpb24KUmVzdGFydD1vbi1mYWlsdXJlClJlc3RhcnRTZWM9NXMKCltJbnN0YWxsXQpXYW50ZWRCeT1tdWx0aS11c2VyLnRhcmdldApFT0YKCnN5c3RlbWN0bCBkYWVtb24tcmVsb2FkCnN5c3RlbWN0bCBlbmFibGUgZ3VuaWNvcm4Kc3lzdGVtY3RsIHN0YXJ0IGd1bmljb3JuCgojIOKUgOKUgOKUgCBIZWFsdGggY2hlY2sgZW5kcG9pbnQg4pSA4pSA4pSA4pSA4pSA4pSA4pSA4pSA4pSA4pSA4pSA4pSA4pSA4pSA4pSA4pSA4pSA4pSA4pSA4pSA4pSA4pSA4pSA4pSA4pSA4pSA4pSA4pSA4pSA4pSA4pSA4pSA4pSA4pSA4pSA4pSA4pSA4pSA4pSA4pSA4pSA4pSA4pSA4pSA4pSA4pSA4pSA4pSA4pSA4pSA4pSA4pSACiMgQWRkIGEgc2ltcGxlIC9hcGkvaGVhbHRoLyB2aWV3IHRvIHlvdXIgdXJscy5weSBpZiBub3QgYWxyZWFkeSBwcmVzZW50LgojIEV4YW1wbGU6IHBhdGgoJ2FwaS9oZWFsdGgvJywgbGFtYmRhIHI6IEh0dHBSZXNwb25zZSgnb2snKSkKCmVjaG8gIj09PSBBcHAgVGllciBCb290c3RyYXAgY29tcGxldGU6ICQoZGF0ZSkgPT09Igo=",
            "vpc_security_group_ids": null
          },
          "sensitive_attributes": [
            [
              {
                "type": "get_attr",
                "value": "user_data"
              }
            ]
          ],
          "identity_schema_version": 0,
          "private": "bnVsbA==",
          "dependencies": [
            "aws_db_subnet_group.aurora",
            "aws_iam_instance_profile.ec2_ssm",
            "aws_iam_role.ec2_ssm",
            "aws_lb.web",
            "aws_rds_cluster.aurora",
            "aws_security_group.app_alb",
            "aws_security_group.app_ec2",
            "aws_security_group.db",
            "aws_security_group.web_alb",
            "aws_security_group.web_ec2",
            "aws_subnet.db_private",
            "aws_subnet.public",
            "aws_vpc.main"
          ],
          "create_before_destroy": true
        }
      ]
    },
    {
      "mode": "managed",
      "type": "aws_launch_template",
      "name": "web",
      "provider": "provider[\"registry.terraform.io/hashicorp/aws\"]",
      "instances": [
        {
          "schema_version": 0,
          "attributes": {
            "arn": "arn:aws:ec2:ap-south-1:235494809975:launch-template/lt-0b30c3192e1f17acc",
            "block_device_mappings": [],
            "capacity_reservation_specification": [],
            "cpu_options": [],
            "credit_specification": [],
            "default_version": 1,
            "description": "",
            "disable_api_stop": false,
            "disable_api_termination": false,
            "ebs_optimized": "",
            "elastic_gpu_specifications": [],
            "elastic_inference_accelerator": [],
            "enclave_options": [],
            "hibernation_options": [],
            "iam_instance_profile": [
              {
                "arn": "",
                "name": "chat-app-ec2-ssm-profile"
              }
            ],
            "id": "lt-0b30c3192e1f17acc",
            "image_id": "ami-0ffef61f6dc37ae89",
            "instance_initiated_shutdown_behavior": "",
            "instance_market_options": [],
            "instance_requirements": [],
            "instance_type": "t2.micro",
            "kernel_id": "",
            "key_name": "k2",
            "latest_version": 1,
            "license_specification": [],
            "maintenance_options": [],
            "metadata_options": [],
            "monitoring": [],
            "name": "chat-app-web-lt-20260412173134490100000008",
            "name_prefix": "chat-app-web-lt-",
            "network_interfaces": [
              {
                "associate_carrier_ip_address": "",
                "associate_public_ip_address": "true",
                "connection_tracking_specification": [],
                "delete_on_termination": "",
                "description": "",
                "device_index": 0,
                "ena_srd_specification": [],
                "interface_type": "",
                "ipv4_address_count": 0,
                "ipv4_addresses": null,
                "ipv4_prefix_count": 0,
                "ipv4_prefixes": null,
                "ipv6_address_count": 0,
                "ipv6_addresses": null,
                "ipv6_prefix_count": 0,
                "ipv6_prefixes": null,
                "network_card_index": 0,
                "network_interface_id": "",
                "primary_ipv6": "",
                "private_ip_address": "",
                "security_groups": [
                  "sg-076c0c385749103ea"
                ],
                "subnet_id": ""
              }
            ],
            "placement": [],
            "private_dns_name_options": [],
            "ram_disk_id": "",
            "security_group_names": null,
            "tag_specifications": [
              {
                "resource_type": "instance",
                "tags": {
                  "Name": "chat-app-web-instance"
                }
              }
            ],
            "tags": null,
            "tags_all": {
              "Environment": "prod",
              "ManagedBy": "Terraform",
              "Project": "chat-app"
            },
            "update_default_version": null,
            "user_data": "IyEvYmluL2Jhc2gKc2V0IC1ldW8gcGlwZWZhaWwKZXhlYyA+ID4odGVlIC92YXIvbG9nL3dlYi11c2VyZGF0YS5sb2cpIDI+JjEKCmVjaG8gIj09PSBXZWIgVGllciBCb290c3RyYXA6ICQoZGF0ZSkgPT09IgoKIyDilIDilIDilIAgU3lzdGVtIHVwZGF0ZXMgJiBkZXBlbmRlbmNpZXMg4pSA4pSA4pSA4pSA4pSA4pSA4pSA4pSA4pSA4pSA4pSA4pSA4pSA4pSA4pSA4pSA4pSA4pSA4pSA4pSA4pSA4pSA4pSA4pSA4pSA4pSA4pSA4pSA4pSA4pSA4pSA4pSA4pSA4pSA4pSA4pSA4pSA4pSA4pSA4pSA4pSA4pSA4pSACmRuZiB1cGRhdGUgLXkKZG5mIGluc3RhbGwgLXkgbmdpbnggZ2l0IGN1cmwKCiMg4pSA4pSA4pSAIEluc3RhbGwgTm9kZS5qcyAyMCDilIDilIDilIDilIDilIDilIDilIDilIDilIDilIDilIDilIDilIDilIDilIDilIDilIDilIDilIDilIDilIDilIDilIDilIDilIDilIDilIDilIDilIDilIDilIDilIDilIDilIDilIDilIDilIDilIDilIDilIDilIDilIDilIDilIDilIDilIDilIDilIDilIDilIDilIDilIDilIDilIDilIAKY3VybCAtZnNTTCBodHRwczovL3JwbS5ub2Rlc291cmNlLmNvbS9zZXR1cF8yMC54IHwgYmFzaCAtCmRuZiBpbnN0YWxsIC15IG5vZGVqcwoKIyDilIDilIDilIAgQ2xvbmUgcmVwb3NpdG9yeSDilIDilIDilIDilIDilIDilIDilIDilIDilIDilIDilIDilIDilIDilIDilIDilIDilIDilIDilIDilIDilIDilIDilIDilIDilIDilIDilIDilIDilIDilIDilIDilIDilIDilIDilIDilIDilIDilIDilIDilIDilIDilIDilIDilIDilIDilIDilIDilIDilIDilIDilIDilIDilIDilIDilIDilIDilIAKUkVQT19VUkw9Imh0dHBzOi8vZ2l0aHViLmNvbS9NZHNrdW4vY2hhdGFwcC5naXQiCkFQUF9ESVI9Ii9vcHQvY2hhdC1hcHAiCgpnaXQgY2xvbmUgIiRSRVBPX1VSTCIgIiRBUFBfRElSIiB8fCB7CiAgZWNobyAiRVJST1I6IEZhaWxlZCB0byBjbG9uZSByZXBvLiBDaGVjayBnaXRodWJfcmVwb191cmwgdmFyaWFibGUuIgogIGV4aXQgMQp9CgojIOKUgOKUgOKUgCBCdWlsZCBSZWFjdCBmcm9udGVuZCDilIDilIDilIDilIDilIDilIDilIDilIDilIDilIDilIDilIDilIDilIDilIDilIDilIDilIDilIDilIDilIDilIDilIDilIDilIDilIDilIDilIDilIDilIDilIDilIDilIDilIDilIDilIDilIDilIDilIDilIDilIDilIDilIDilIDilIDilIDilIDilIDilIDilIDilIDilIDilIAKY2QgIiRBUFBfRElSL2Zyb250ZW5kIgoKIyBQb2ludCB0aGUgZnJvbnRlbmQgYXQgdGhlIGV4dGVybmFsIEFMQiAoQVBJIHByb3h5IGhhbmRsZWQgYnkgTmdpbngpCmNhdCA+IC5lbnYucHJvZHVjdGlvbiA8PEVPRgpWSVRFX0FQSV9CQVNFX1VSTD0vYXBpCkVPRgoKbnBtIGNpCm5wbSBydW4gYnVpbGQKCiMgQ29weSBidWlsZCBvdXRwdXQgdG8gTmdpbnggd2ViIHJvb3QKbWtkaXIgLXAgL3Vzci9zaGFyZS9uZ2lueC9odG1sCmNwIC1yIGRpc3QvKiAvdXNyL3NoYXJlL25naW54L2h0bWwvCgojIOKUgOKUgOKUgCBOZ2lueCBjb25maWd1cmF0aW9uIOKUgOKUgOKUgOKUgOKUgOKUgOKUgOKUgOKUgOKUgOKUgOKUgOKUgOKUgOKUgOKUgOKUgOKUgOKUgOKUgOKUgOKUgOKUgOKUgOKUgOKUgOKUgOKUgOKUgOKUgOKUgOKUgOKUgOKUgOKUgOKUgOKUgOKUgOKUgOKUgOKUgOKUgOKUgOKUgOKUgOKUgOKUgOKUgOKUgOKUgOKUgOKUgOKUgOKUgAojIFNlcnZlcyB0aGUgUmVhY3QgU1BBIGFuZCBwcm94aWVzIC9hcGkvKiDihpIgaW50ZXJuYWwgQUxCCmNhdCA+IC9ldGMvbmdpbngvY29uZi5kL2NoYXQtYXBwLmNvbmYgPDwnTkdJTlgnCnNlcnZlciB7CiAgICBsaXN0ZW4gODA7CiAgICBzZXJ2ZXJfbmFtZSBfOwoKICAgIHJvb3QgL3Vzci9zaGFyZS9uZ2lueC9odG1sOwogICAgaW5kZXggaW5kZXguaHRtbDsKCiAgICAjIFJlYWN0IFNQQSDigJMgcmV0dXJuIGluZGV4Lmh0bWwgZm9yIGFsbCBub24tYXNzZXQgcGF0aHMKICAgIGxvY2F0aW9uIC8gewogICAgICAgIHRyeV9maWxlcyAkdXJpICR1cmkvIC9pbmRleC5odG1sOwogICAgfQoKICAgICMgUHJveHkgQVBJIHJlcXVlc3RzIOKGkiBJbnRlcm5hbCBBTEIgKERqYW5nbykKICAgIGxvY2F0aW9uIC9hcGkvIHsKICAgICAgICBwcm94eV9wYXNzICAgICAgICAgaHR0cDovL2ludGVybmFsLWNoYXQtYXBwLWFwcC1hbGItMTkxMDMwNDE4MC5hcC1zb3V0aC0xLmVsYi5hbWF6b25hd3MuY29tOjgwMDA7CiAgICAgICAgcHJveHlfc2V0X2hlYWRlciAgIEhvc3QgICAgICAgICAgICAgICRob3N0OwogICAgICAgIHByb3h5X3NldF9oZWFkZXIgICBYLVJlYWwtSVAgICAgICAgICAkcmVtb3RlX2FkZHI7CiAgICAgICAgcHJveHlfc2V0X2hlYWRlciAgIFgtRm9yd2FyZGVkLUZvciAgICRwcm94eV9hZGRfeF9mb3J3YXJkZWRfZm9yOwogICAgICAgIHByb3h5X3NldF9oZWFkZXIgICBYLUZvcndhcmRlZC1Qcm90byAkc2NoZW1lOwogICAgICAgIHByb3h5X3JlYWRfdGltZW91dCA2MHM7CiAgICB9CgogICAgIyBIZWFsdGggY2hlY2sgZW5kcG9pbnQgZm9yIHRoZSBleHRlcm5hbCBBTEIKICAgIGxvY2F0aW9uIC9oZWFsdGggewogICAgICAgIGFjY2Vzc19sb2cgb2ZmOwogICAgICAgIHJldHVybiAyMDAgImhlYWx0aHlcbiI7CiAgICAgICAgYWRkX2hlYWRlciBDb250ZW50LVR5cGUgdGV4dC9wbGFpbjsKICAgIH0KfQpOR0lOWAoKIyBSZW1vdmUgZGVmYXVsdCBuZ2lueCBjb25maWcKcm0gLWYgL2V0Yy9uZ2lueC9jb25mLmQvZGVmYXVsdC5jb25mCgojIOKUgOKUgOKUgCBTdGFydCBOZ2lueCDilIDilIDilIDilIDilIDilIDilIDilIDilIDilIDilIDilIDilIDilIDilIDilIDilIDilIDilIDilIDilIDilIDilIDilIDilIDilIDilIDilIDilIDilIDilIDilIDilIDilIDilIDilIDilIDilIDilIDilIDilIDilIDilIDilIDilIDilIDilIDilIDilIDilIDilIDilIDilIDilIDilIDilIDilIDilIDilIDilIDilIDilIAKc3lzdGVtY3RsIGVuYWJsZSBuZ2lueApzeXN0ZW1jdGwgc3RhcnQgbmdpbngKCmVjaG8gIj09PSBXZWIgVGllciBCb290c3RyYXAgY29tcGxldGU6ICQoZGF0ZSkgPT09Igo=",
            "vpc_security_group_ids": null
          },
          "sensitive_attributes": [],
          "identity_schema_version": 0,
          "private": "bnVsbA==",
          "dependencies": [
            "aws_iam_instance_profile.ec2_ssm",
            "aws_iam_role.ec2_ssm",
            "aws_lb.app",
            "aws_security_group.app_alb",
            "aws_security_group.web_alb",
            "aws_security_group.web_ec2",
            "aws_subnet.app_private",
            "aws_vpc.main"
          ],
          "create_before_destroy": true
        }
      ]
    },
    {
      "mode": "managed",
      "type": "aws_lb",
      "name": "app",
      "provider": "provider[\"registry.terraform.io/hashicorp/aws\"]",
      "instances": [
        {
          "schema_version": 0,
          "attributes": {
            "access_logs": [
              {
                "bucket": "",
                "enabled": false,
                "prefix": ""
              }
            ],
            "arn": "arn:aws:elasticloadbalancing:ap-south-1:235494809975:loadbalancer/app/chat-app-app-alb/2fb16b34f95716b5",
            "arn_suffix": "app/chat-app-app-alb/2fb16b34f95716b5",
            "client_keep_alive": 3600,
            "connection_logs": [
              {
                "bucket": "",
                "enabled": false,
                "prefix": ""
              }
            ],
            "customer_owned_ipv4_pool": "",
            "desync_mitigation_mode": "defensive",
            "dns_name": "internal-chat-app-app-alb-1910304180.ap-south-1.elb.amazonaws.com",
            "dns_record_client_routing_policy": null,
            "drop_invalid_header_fields": false,
            "enable_cross_zone_load_balancing": true,
            "enable_deletion_protection": false,
            "enable_http2": true,
            "enable_tls_version_and_cipher_suite_headers": false,
            "enable_waf_fail_open": false,
            "enable_xff_client_port": false,
            "enable_zonal_shift": false,
            "enforce_security_group_inbound_rules_on_private_link_traffic": "",
            "id": "arn:aws:elasticloadbalancing:ap-south-1:235494809975:loadbalancer/app/chat-app-app-alb/2fb16b34f95716b5",
            "idle_timeout": 60,
            "internal": true,
            "ip_address_type": "ipv4",
            "ipam_pools": [],
            "load_balancer_type": "application",
            "minimum_load_balancer_capacity": [],
            "name": "chat-app-app-alb",
            "name_prefix": "",
            "preserve_host_header": false,
            "security_groups": [
              "sg-0e8eb0e821d820216"
            ],
            "subnet_mapping": [
              {
                "allocation_id": "",
                "ipv6_address": "",
                "outpost_id": "",
                "private_ipv4_address": "",
                "subnet_id": "subnet-031d348da6e8c0cc4"
              },
              {
                "allocation_id": "",
                "ipv6_address": "",
                "outpost_id": "",
                "private_ipv4_address": "",
                "subnet_id": "subnet-0a1cf7518b20a9a41"
              }
            ],
            "subnets": [
              "subnet-031d348da6e8c0cc4",
              "subnet-0a1cf7518b20a9a41"
            ],
            "tags": {
              "Name": "chat-app-app-alb"
            },
            "tags_all": {
              "Environment": "prod",
              "ManagedBy": "Terraform",
              "Name": "chat-app-app-alb",
              "Project": "chat-app"
            },
            "timeouts": null,
            "vpc_id": "vpc-099502af5994b8130",
            "xff_header_processing_mode": "append",
            "zone_id": "ZP97RAFLXTNZK"
          },
          "sensitive_attributes": [],
          "identity_schema_version": 0,
          "private": "eyJlMmJmYjczMC1lY2FhLTExZTYtOGY4OC0zNDM2M2JjN2M0YzAiOnsiY3JlYXRlIjo2MDAwMDAwMDAwMDAsImRlbGV0ZSI6NjAwMDAwMDAwMDAwLCJ1cGRhdGUiOjYwMDAwMDAwMDAwMH19",
          "dependencies": [
            "aws_security_group.app_alb",
            "aws_security_group.web_alb",
            "aws_security_group.web_ec2",
            "aws_subnet.app_private",
            "aws_vpc.main"
          ],
          "create_before_destroy": true
        }
      ]
    },
    {
      "mode": "managed",
      "type": "aws_lb",
      "name": "web",
      "provider": "provider[\"registry.terraform.io/hashicorp/aws\"]",
      "instances": [
        {
          "schema_version": 0,
          "attributes": {
            "access_logs": [
              {
                "bucket": "",
                "enabled": false,
                "prefix": ""
              }
            ],
            "arn": "arn:aws:elasticloadbalancing:ap-south-1:235494809975:loadbalancer/app/chat-app-web-alb/ff898a3dfd4b4aac",
            "arn_suffix": "app/chat-app-web-alb/ff898a3dfd4b4aac",
            "client_keep_alive": 3600,
            "connection_logs": [
              {
                "bucket": "",
                "enabled": false,
                "prefix": ""
              }
            ],
            "customer_owned_ipv4_pool": "",
            "desync_mitigation_mode": "defensive",
            "dns_name": "chat-app-web-alb-144955689.ap-south-1.elb.amazonaws.com",
            "dns_record_client_routing_policy": null,
            "drop_invalid_header_fields": false,
            "enable_cross_zone_load_balancing": true,
            "enable_deletion_protection": false,
            "enable_http2": true,
            "enable_tls_version_and_cipher_suite_headers": false,
            "enable_waf_fail_open": false,
            "enable_xff_client_port": false,
            "enable_zonal_shift": false,
            "enforce_security_group_inbound_rules_on_private_link_traffic": "",
            "id": "arn:aws:elasticloadbalancing:ap-south-1:235494809975:loadbalancer/app/chat-app-web-alb/ff898a3dfd4b4aac",
            "idle_timeout": 60,
            "internal": false,
            "ip_address_type": "ipv4",
            "ipam_pools": [],
            "load_balancer_type": "application",
            "minimum_load_balancer_capacity": [],
            "name": "chat-app-web-alb",
            "name_prefix": "",
            "preserve_host_header": false,
            "security_groups": [
              "sg-0203947322a60b8ba"
            ],
            "subnet_mapping": [
              {
                "allocation_id": "",
                "ipv6_address": "",
                "outpost_id": "",
                "private_ipv4_address": "",
                "subnet_id": "subnet-05cff5357d51f59c1"
              },
              {
                "allocation_id": "",
                "ipv6_address": "",
                "outpost_id": "",
                "private_ipv4_address": "",
                "subnet_id": "subnet-08549479419a8673e"
              }
            ],
            "subnets": [
              "subnet-05cff5357d51f59c1",
              "subnet-08549479419a8673e"
            ],
            "tags": {
              "Name": "chat-app-web-alb"
            },
            "tags_all": {
              "Environment": "prod",
              "ManagedBy": "Terraform",
              "Name": "chat-app-web-alb",
              "Project": "chat-app"
            },
            "timeouts": null,
            "vpc_id": "vpc-099502af5994b8130",
            "xff_header_processing_mode": "append",
            "zone_id": "ZP97RAFLXTNZK"
          },
          "sensitive_attributes": [],
          "identity_schema_version": 0,
          "private": "eyJlMmJmYjczMC1lY2FhLTExZTYtOGY4OC0zNDM2M2JjN2M0YzAiOnsiY3JlYXRlIjo2MDAwMDAwMDAwMDAsImRlbGV0ZSI6NjAwMDAwMDAwMDAwLCJ1cGRhdGUiOjYwMDAwMDAwMDAwMH19",
          "dependencies": [
            "aws_security_group.web_alb",
            "aws_subnet.public",
            "aws_vpc.main"
          ],
          "create_before_destroy": true
        }
      ]
    },
    {
      "mode": "managed",
      "type": "aws_lb_listener",
      "name": "app",
      "provider": "provider[\"registry.terraform.io/hashicorp/aws\"]",
      "instances": [
        {
          "schema_version": 0,
          "attributes": {
            "alpn_policy": null,
            "arn": "arn:aws:elasticloadbalancing:ap-south-1:235494809975:listener/app/chat-app-app-alb/2fb16b34f95716b5/83b0546b77126a94",
            "certificate_arn": null,
            "default_action": [
              {
                "authenticate_cognito": [],
                "authenticate_oidc": [],
                "fixed_response": [],
                "forward": [],
                "order": 1,
                "redirect": [],
                "target_group_arn": "arn:aws:elasticloadbalancing:ap-south-1:235494809975:targetgroup/chat-app-app-tg/f83e6fa7456323cc",
                "type": "forward"
              }
            ],
            "id": "arn:aws:elasticloadbalancing:ap-south-1:235494809975:listener/app/chat-app-app-alb/2fb16b34f95716b5/83b0546b77126a94",
            "load_balancer_arn": "arn:aws:elasticloadbalancing:ap-south-1:235494809975:loadbalancer/app/chat-app-app-alb/2fb16b34f95716b5",
            "mutual_authentication": [],
            "port": 8000,
            "protocol": "HTTP",
            "routing_http_request_x_amzn_mtls_clientcert_header_name": null,
            "routing_http_request_x_amzn_mtls_clientcert_issuer_header_name": null,
            "routing_http_request_x_amzn_mtls_clientcert_leaf_header_name": null,
            "routing_http_request_x_amzn_mtls_clientcert_serial_number_header_name": null,
            "routing_http_request_x_amzn_mtls_clientcert_subject_header_name": null,
            "routing_http_request_x_amzn_mtls_clientcert_validity_header_name": null,
            "routing_http_request_x_amzn_tls_cipher_suite_header_name": null,
            "routing_http_request_x_amzn_tls_version_header_name": null,
            "routing_http_response_access_control_allow_credentials_header_value": "",
            "routing_http_response_access_control_allow_headers_header_value": "",
            "routing_http_response_access_control_allow_methods_header_value": "",
            "routing_http_response_access_control_allow_origin_header_value": "",
            "routing_http_response_access_control_expose_headers_header_value": "",
            "routing_http_response_access_control_max_age_header_value": "",
            "routing_http_response_content_security_policy_header_value": "",
            "routing_http_response_server_enabled": true,
            "routing_http_response_strict_transport_security_header_value": "",
            "routing_http_response_x_content_type_options_header_value": "",
            "routing_http_response_x_frame_options_header_value": "",
            "ssl_policy": "",
            "tags": null,
            "tags_all": {
              "Environment": "prod",
              "ManagedBy": "Terraform",
              "Project": "chat-app"
            },
            "tcp_idle_timeout_seconds": null,
            "timeouts": null
          },
          "sensitive_attributes": [],
          "identity_schema_version": 0,
          "private": "eyJlMmJmYjczMC1lY2FhLTExZTYtOGY4OC0zNDM2M2JjN2M0YzAiOnsiY3JlYXRlIjozMDAwMDAwMDAwMDAsInVwZGF0ZSI6MzAwMDAwMDAwMDAwfX0=",
          "dependencies": [
            "aws_lb.app",
            "aws_lb_target_group.app",
            "aws_security_group.app_alb",
            "aws_security_group.web_alb",
            "aws_security_group.web_ec2",
            "aws_subnet.app_private",
            "aws_vpc.main"
          ]
        }
      ]
    },
    {
      "mode": "managed",
      "type": "aws_lb_listener",
      "name": "web_http",
      "provider": "provider[\"registry.terraform.io/hashicorp/aws\"]",
      "instances": [
        {
          "schema_version": 0,
          "attributes": {
            "alpn_policy": null,
            "arn": "arn:aws:elasticloadbalancing:ap-south-1:235494809975:listener/app/chat-app-web-alb/ff898a3dfd4b4aac/41202c6d046703dc",
            "certificate_arn": null,
            "default_action": [
              {
                "authenticate_cognito": [],
                "authenticate_oidc": [],
                "fixed_response": [],
                "forward": [],
                "order": 1,
                "redirect": [],
                "target_group_arn": "arn:aws:elasticloadbalancing:ap-south-1:235494809975:targetgroup/chat-app-web-tg/49c3398a63b93247",
                "type": "forward"
              }
            ],
            "id": "arn:aws:elasticloadbalancing:ap-south-1:235494809975:listener/app/chat-app-web-alb/ff898a3dfd4b4aac/41202c6d046703dc",
            "load_balancer_arn": "arn:aws:elasticloadbalancing:ap-south-1:235494809975:loadbalancer/app/chat-app-web-alb/ff898a3dfd4b4aac",
            "mutual_authentication": [],
            "port": 80,
            "protocol": "HTTP",
            "routing_http_request_x_amzn_mtls_clientcert_header_name": null,
            "routing_http_request_x_amzn_mtls_clientcert_issuer_header_name": null,
            "routing_http_request_x_amzn_mtls_clientcert_leaf_header_name": null,
            "routing_http_request_x_amzn_mtls_clientcert_serial_number_header_name": null,
            "routing_http_request_x_amzn_mtls_clientcert_subject_header_name": null,
            "routing_http_request_x_amzn_mtls_clientcert_validity_header_name": null,
            "routing_http_request_x_amzn_tls_cipher_suite_header_name": null,
            "routing_http_request_x_amzn_tls_version_header_name": null,
            "routing_http_response_access_control_allow_credentials_header_value": "",
            "routing_http_response_access_control_allow_headers_header_value": "",
            "routing_http_response_access_control_allow_methods_header_value": "",
            "routing_http_response_access_control_allow_origin_header_value": "",
            "routing_http_response_access_control_expose_headers_header_value": "",
            "routing_http_response_access_control_max_age_header_value": "",
            "routing_http_response_content_security_policy_header_value": "",
            "routing_http_response_server_enabled": true,
            "routing_http_response_strict_transport_security_header_value": "",
            "routing_http_response_x_content_type_options_header_value": "",
            "routing_http_response_x_frame_options_header_value": "",
            "ssl_policy": "",
            "tags": null,
            "tags_all": {
              "Environment": "prod",
              "ManagedBy": "Terraform",
              "Project": "chat-app"
            },
            "tcp_idle_timeout_seconds": null,
            "timeouts": null
          },
          "sensitive_attributes": [],
          "identity_schema_version": 0,
          "private": "eyJlMmJmYjczMC1lY2FhLTExZTYtOGY4OC0zNDM2M2JjN2M0YzAiOnsiY3JlYXRlIjozMDAwMDAwMDAwMDAsInVwZGF0ZSI6MzAwMDAwMDAwMDAwfX0=",
          "dependencies": [
            "aws_lb.web",
            "aws_lb_target_group.web",
            "aws_security_group.web_alb",
            "aws_subnet.public",
            "aws_vpc.main"
          ]
        }
      ]
    },
    {
      "mode": "managed",
      "type": "aws_lb_target_group",
      "name": "app",
      "provider": "provider[\"registry.terraform.io/hashicorp/aws\"]",
      "instances": [
        {
          "schema_version": 0,
          "attributes": {
            "arn": "arn:aws:elasticloadbalancing:ap-south-1:235494809975:targetgroup/chat-app-app-tg/f83e6fa7456323cc",
            "arn_suffix": "targetgroup/chat-app-app-tg/f83e6fa7456323cc",
            "connection_termination": null,
            "deregistration_delay": "300",
            "health_check": [
              {
                "enabled": true,
                "healthy_threshold": 2,
                "interval": 30,
                "matcher": "200",
                "path": "/api/health/",
                "port": "traffic-port",
                "protocol": "HTTP",
                "timeout": 5,
                "unhealthy_threshold": 3
              }
            ],
            "id": "arn:aws:elasticloadbalancing:ap-south-1:235494809975:targetgroup/chat-app-app-tg/f83e6fa7456323cc",
            "ip_address_type": "ipv4",
            "lambda_multi_value_headers_enabled": false,
            "load_balancer_arns": [],
            "load_balancing_algorithm_type": "round_robin",
            "load_balancing_anomaly_mitigation": "off",
            "load_balancing_cross_zone_enabled": "use_load_balancer_configuration",
            "name": "chat-app-app-tg",
            "name_prefix": "",
            "port": 8000,
            "preserve_client_ip": null,
            "protocol": "HTTP",
            "protocol_version": "HTTP1",
            "proxy_protocol_v2": false,
            "slow_start": 0,
            "stickiness": [
              {
                "cookie_duration": 86400,
                "cookie_name": "",
                "enabled": false,
                "type": "lb_cookie"
              }
            ],
            "tags": {
              "Name": "chat-app-app-tg"
            },
            "tags_all": {
              "Environment": "prod",
              "ManagedBy": "Terraform",
              "Name": "chat-app-app-tg",
              "Project": "chat-app"
            },
            "target_failover": [
              {
                "on_deregistration": null,
                "on_unhealthy": null
              }
            ],
            "target_group_health": [
              {
                "dns_failover": [
                  {
                    "minimum_healthy_targets_count": "1",
                    "minimum_healthy_targets_percentage": "off"
                  }
                ],
                "unhealthy_state_routing": [
                  {
                    "minimum_healthy_targets_count": 1,
                    "minimum_healthy_targets_percentage": "off"
                  }
                ]
              }
            ],
            "target_health_state": [
              {
                "enable_unhealthy_connection_termination": null,
                "unhealthy_draining_interval": null
              }
            ],
            "target_type": "instance",
            "vpc_id": "vpc-099502af5994b8130"
          },
          "sensitive_attributes": [],
          "identity_schema_version": 0,
          "private": "bnVsbA==",
          "dependencies": [
            "aws_vpc.main"
          ]
        }
      ]
    },
    {
      "mode": "managed",
      "type": "aws_lb_target_group",
      "name": "web",
      "provider": "provider[\"registry.terraform.io/hashicorp/aws\"]",
      "instances": [
        {
          "schema_version": 0,
          "attributes": {
            "arn": "arn:aws:elasticloadbalancing:ap-south-1:235494809975:targetgroup/chat-app-web-tg/49c3398a63b93247",
            "arn_suffix": "targetgroup/chat-app-web-tg/49c3398a63b93247",
            "connection_termination": null,
            "deregistration_delay": "300",
            "health_check": [
              {
                "enabled": true,
                "healthy_threshold": 2,
                "interval": 30,
                "matcher": "200-399",
                "path": "/",
                "port": "traffic-port",
                "protocol": "HTTP",
                "timeout": 5,
                "unhealthy_threshold": 3
              }
            ],
            "id": "arn:aws:elasticloadbalancing:ap-south-1:235494809975:targetgroup/chat-app-web-tg/49c3398a63b93247",
            "ip_address_type": "ipv4",
            "lambda_multi_value_headers_enabled": false,
            "load_balancer_arns": [],
            "load_balancing_algorithm_type": "round_robin",
            "load_balancing_anomaly_mitigation": "off",
            "load_balancing_cross_zone_enabled": "use_load_balancer_configuration",
            "name": "chat-app-web-tg",
            "name_prefix": "",
            "port": 80,
            "preserve_client_ip": null,
            "protocol": "HTTP",
            "protocol_version": "HTTP1",
            "proxy_protocol_v2": false,
            "slow_start": 0,
            "stickiness": [
              {
                "cookie_duration": 86400,
                "cookie_name": "",
                "enabled": false,
                "type": "lb_cookie"
              }
            ],
            "tags": {
              "Name": "chat-app-web-tg"
            },
            "tags_all": {
              "Environment": "prod",
              "ManagedBy": "Terraform",
              "Name": "chat-app-web-tg",
              "Project": "chat-app"
            },
            "target_failover": [
              {
                "on_deregistration": null,
                "on_unhealthy": null
              }
            ],
            "target_group_health": [
              {
                "dns_failover": [
                  {
                    "minimum_healthy_targets_count": "1",
                    "minimum_healthy_targets_percentage": "off"
                  }
                ],
                "unhealthy_state_routing": [
                  {
                    "minimum_healthy_targets_count": 1,
                    "minimum_healthy_targets_percentage": "off"
                  }
                ]
              }
            ],
            "target_health_state": [
              {
                "enable_unhealthy_connection_termination": null,
                "unhealthy_draining_interval": null
              }
            ],
            "target_type": "instance",
            "vpc_id": "vpc-099502af5994b8130"
          },
          "sensitive_attributes": [],
          "identity_schema_version": 0,
          "private": "bnVsbA==",
          "dependencies": [
            "aws_vpc.main"
          ]
        }
      ]
    },
    {
      "mode": "managed",
      "type": "aws_nat_gateway",
      "name": "main",
      "provider": "provider[\"registry.terraform.io/hashicorp/aws\"]",
      "instances": [
        {
          "index_key": 0,
          "schema_version": 0,
          "attributes": {
            "allocation_id": "eipalloc-07c5edff594a21722",
            "association_id": "eipassoc-08ab085c6af2cc1ea",
            "connectivity_type": "public",
            "id": "nat-0612d4e544e5a6385",
            "network_interface_id": "eni-009cf0eb0c5028738",
            "private_ip": "10.0.1.88",
            "public_ip": "43.204.132.146",
            "secondary_allocation_ids": null,
            "secondary_private_ip_address_count": 0,
            "secondary_private_ip_addresses": [],
            "subnet_id": "subnet-08549479419a8673e",
            "tags": {
              "Name": "chat-app-nat-gw-1"
            },
            "tags_all": {
              "Environment": "prod",
              "ManagedBy": "Terraform",
              "Name": "chat-app-nat-gw-1",
              "Project": "chat-app"
            },
            "timeouts": null
          },
          "sensitive_attributes": [],
          "identity_schema_version": 0,
          "private": "eyJlMmJmYjczMC1lY2FhLTExZTYtOGY4OC0zNDM2M2JjN2M0YzAiOnsiY3JlYXRlIjo2MDAwMDAwMDAwMDAsImRlbGV0ZSI6MTgwMDAwMDAwMDAwMCwidXBkYXRlIjo2MDAwMDAwMDAwMDB9fQ==",
          "dependencies": [
            "aws_eip.nat",
            "aws_internet_gateway.main",
            "aws_subnet.public",
            "aws_vpc.main"
          ]
        },
        {
          "index_key": 1,
          "schema_version": 0,
          "attributes": {
            "allocation_id": "eipalloc-0a53bb6180e2c99fc",
            "association_id": "eipassoc-04ba0a9b85a0b3e97",
            "connectivity_type": "public",
            "id": "nat-06b1c2f6a818c6673",
            "network_interface_id": "eni-0cfd380ec82fa69fc",
            "private_ip": "10.0.2.194",
            "public_ip": "13.206.55.89",
            "secondary_allocation_ids": null,
            "secondary_private_ip_address_count": 0,
            "secondary_private_ip_addresses": [],
            "subnet_id": "subnet-05cff5357d51f59c1",
            "tags": {
              "Name": "chat-app-nat-gw-2"
            },
            "tags_all": {
              "Environment": "prod",
              "ManagedBy": "Terraform",
              "Name": "chat-app-nat-gw-2",
              "Project": "chat-app"
            },
            "timeouts": null
          },
          "sensitive_attributes": [],
          "identity_schema_version": 0,
          "private": "eyJlMmJmYjczMC1lY2FhLTExZTYtOGY4OC0zNDM2M2JjN2M0YzAiOnsiY3JlYXRlIjo2MDAwMDAwMDAwMDAsImRlbGV0ZSI6MTgwMDAwMDAwMDAwMCwidXBkYXRlIjo2MDAwMDAwMDAwMDB9fQ==",
          "dependencies": [
            "aws_eip.nat",
            "aws_internet_gateway.main",
            "aws_subnet.public",
            "aws_vpc.main"
          ]
        }
      ]
    },
    {
      "mode": "managed",
      "type": "aws_rds_cluster",
      "name": "aurora",
      "provider": "provider[\"registry.terraform.io/hashicorp/aws\"]",
      "instances": [
        {
          "schema_version": 1,
          "attributes": {
            "allocated_storage": 1,
            "allow_major_version_upgrade": null,
            "apply_immediately": null,
            "arn": "arn:aws:rds:ap-south-1:235494809975:cluster:chat-app-aurora-cluster",
            "availability_zones": [
              "ap-south-1a",
              "ap-south-1b",
              "ap-south-1c"
            ],
            "backtrack_window": 0,
            "backup_retention_period": 2,
            "ca_certificate_identifier": null,
            "ca_certificate_valid_till": null,
            "cluster_identifier": "chat-app-aurora-cluster",
            "cluster_identifier_prefix": "",
            "cluster_members": [],
            "cluster_resource_id": "cluster-A5TLURFBKXZ522VAEB43SVEEAQ",
            "cluster_scalability_type": "",
            "copy_tags_to_snapshot": false,
            "database_insights_mode": "standard",
            "database_name": "chatapp",
            "db_cluster_instance_class": "",
            "db_cluster_parameter_group_name": "default.aurora-postgresql15",
            "db_instance_parameter_group_name": null,
            "db_subnet_group_name": "chat-app-aurora-subnet-group",
            "db_system_id": "",
            "delete_automated_backups": true,
            "deletion_protection": false,
            "domain": "",
            "domain_iam_role_name": "",
            "enable_global_write_forwarding": false,
            "enable_http_endpoint": false,
            "enable_local_write_forwarding": false,
            "enabled_cloudwatch_logs_exports": null,
            "endpoint": "chat-app-aurora-cluster.cluster-c188akcmoy0q.ap-south-1.rds.amazonaws.com",
            "engine": "aurora-postgresql",
            "engine_lifecycle_support": "open-source-rds-extended-support",
            "engine_mode": "provisioned",
            "engine_version": "15.8",
            "engine_version_actual": "15.8",
            "final_snapshot_identifier": null,
            "global_cluster_identifier": "",
            "hosted_zone_id": "Z2VFMSZA74J7XZ",
            "iam_database_authentication_enabled": false,
            "iam_roles": [],
            "id": "chat-app-aurora-cluster",
            "iops": 0,
            "kms_key_id": "",
            "manage_master_user_password": null,
            "master_password": "123456789abc",
            "master_password_wo": null,
            "master_password_wo_version": null,
            "master_user_secret": [],
            "master_user_secret_kms_key_id": null,
            "master_username": "chatadmin",
            "monitoring_interval": 0,
            "monitoring_role_arn": "",
            "network_type": "IPV4",
            "performance_insights_enabled": false,
            "performance_insights_kms_key_id": "",
            "performance_insights_retention_period": 0,
            "port": 5432,
            "preferred_backup_window": "03:00-04:00",
            "preferred_maintenance_window": "tue:10:02-tue:10:32",
            "reader_endpoint": "chat-app-aurora-cluster.cluster-ro-c188akcmoy0q.ap-south-1.rds.amazonaws.com",
            "replication_source_identifier": "",
            "restore_to_point_in_time": [],
            "s3_import": [],
            "scaling_configuration": [],
            "serverlessv2_scaling_configuration": [],
            "skip_final_snapshot": true,
            "snapshot_identifier": null,
            "source_region": null,
            "storage_encrypted": false,
            "storage_type": "",
            "tags": {
              "Name": "chat-app-aurora-cluster"
            },
            "tags_all": {
              "Environment": "prod",
              "ManagedBy": "Terraform",
              "Name": "chat-app-aurora-cluster",
              "Project": "chat-app"
            },
            "timeouts": null,
            "vpc_security_group_ids": [
              "sg-0fcefd815aa416176"
            ]
          },
          "sensitive_attributes": [
            [
              {
                "type": "get_attr",
                "value": "master_password"
              }
            ],
            [
              {
                "type": "get_attr",
                "value": "master_password_wo"
              }
            ]
          ],
          "identity_schema_version": 0,
          "private": "eyJlMmJmYjczMC1lY2FhLTExZTYtOGY4OC0zNDM2M2JjN2M0YzAiOnsiY3JlYXRlIjo3MjAwMDAwMDAwMDAwLCJkZWxldGUiOjcyMDAwMDAwMDAwMDAsInVwZGF0ZSI6NzIwMDAwMDAwMDAwMH0sInNjaGVtYV92ZXJzaW9uIjoiMSJ9",
          "dependencies": [
            "aws_db_subnet_group.aurora",
            "aws_security_group.app_alb",
            "aws_security_group.app_ec2",
            "aws_security_group.db",
            "aws_security_group.web_alb",
            "aws_security_group.web_ec2",
            "aws_subnet.db_private",
            "aws_vpc.main"
          ],
          "create_before_destroy": true
        }
      ]
    },
    {
      "mode": "managed",
      "type": "aws_rds_cluster_instance",
      "name": "primary",
      "provider": "provider[\"registry.terraform.io/hashicorp/aws\"]",
      "instances": [
        {
          "schema_version": 0,
          "attributes": {
            "apply_immediately": null,
            "arn": "arn:aws:rds:ap-south-1:235494809975:db:chat-app-aurora-primary",
            "auto_minor_version_upgrade": true,
            "availability_zone": "ap-south-1a",
            "ca_cert_identifier": "rds-ca-rsa2048-g1",
            "cluster_identifier": "chat-app-aurora-cluster",
            "copy_tags_to_snapshot": false,
            "custom_iam_instance_profile": "",
            "db_parameter_group_name": "default.aurora-postgresql15",
            "db_subnet_group_name": "chat-app-aurora-subnet-group",
            "dbi_resource_id": "db-SZTDDSNKA3GE3PVG76MXDZKJXU",
            "endpoint": "chat-app-aurora-primary.c188akcmoy0q.ap-south-1.rds.amazonaws.com",
            "engine": "aurora-postgresql",
            "engine_version": "15.8",
            "engine_version_actual": "15.8",
            "force_destroy": false,
            "id": "chat-app-aurora-primary",
            "identifier": "chat-app-aurora-primary",
            "identifier_prefix": "",
            "instance_class": "db.t3.medium",
            "kms_key_id": "",
            "monitoring_interval": 0,
            "monitoring_role_arn": "",
            "network_type": "IPV4",
            "performance_insights_enabled": false,
            "performance_insights_kms_key_id": "",
            "performance_insights_retention_period": 0,
            "port": 5432,
            "preferred_backup_window": "03:00-04:00",
            "preferred_maintenance_window": "mon:06:00-mon:06:30",
            "promotion_tier": 0,
            "publicly_accessible": false,
            "storage_encrypted": false,
            "tags": {
              "Name": "chat-app-aurora-primary"
            },
            "tags_all": {
              "Environment": "prod",
              "ManagedBy": "Terraform",
              "Name": "chat-app-aurora-primary",
              "Project": "chat-app"
            },
            "timeouts": null,
            "writer": false
          },
          "sensitive_attributes": [],
          "identity_schema_version": 0,
          "private": "eyJlMmJmYjczMC1lY2FhLTExZTYtOGY4OC0zNDM2M2JjN2M0YzAiOnsiY3JlYXRlIjo1NDAwMDAwMDAwMDAwLCJkZWxldGUiOjU0MDAwMDAwMDAwMDAsInVwZGF0ZSI6NTQwMDAwMDAwMDAwMH19",
          "dependencies": [
            "aws_db_subnet_group.aurora",
            "aws_rds_cluster.aurora",
            "aws_security_group.app_alb",
            "aws_security_group.app_ec2",
            "aws_security_group.db",
            "aws_security_group.web_alb",
            "aws_security_group.web_ec2",
            "aws_subnet.db_private",
            "aws_vpc.main"
          ]
        }
      ]
    },
    {
      "mode": "managed",
      "type": "aws_rds_cluster_instance",
      "name": "replica",
      "provider": "provider[\"registry.terraform.io/hashicorp/aws\"]",
      "instances": [
        {
          "schema_version": 0,
          "attributes": {
            "apply_immediately": null,
            "arn": "arn:aws:rds:ap-south-1:235494809975:db:chat-app-aurora-replica",
            "auto_minor_version_upgrade": true,
            "availability_zone": "ap-south-1b",
            "ca_cert_identifier": "rds-ca-rsa2048-g1",
            "cluster_identifier": "chat-app-aurora-cluster",
            "copy_tags_to_snapshot": false,
            "custom_iam_instance_profile": "",
            "db_parameter_group_name": "default.aurora-postgresql15",
            "db_subnet_group_name": "chat-app-aurora-subnet-group",
            "dbi_resource_id": "db-6VLW6LR4BJIV54KHGZBOQXYOWE",
            "endpoint": "chat-app-aurora-replica.c188akcmoy0q.ap-south-1.rds.amazonaws.com",
            "engine": "aurora-postgresql",
            "engine_version": "15.8",
            "engine_version_actual": "15.8",
            "force_destroy": false,
            "id": "chat-app-aurora-replica",
            "identifier": "chat-app-aurora-replica",
            "identifier_prefix": "",
            "instance_class": "db.t3.medium",
            "kms_key_id": "",
            "monitoring_interval": 0,
            "monitoring_role_arn": "",
            "network_type": "IPV4",
            "performance_insights_enabled": false,
            "performance_insights_kms_key_id": "",
            "performance_insights_retention_period": 0,
            "port": 5432,
            "preferred_backup_window": "03:00-04:00",
            "preferred_maintenance_window": "tue:09:56-tue:10:26",
            "promotion_tier": 0,
            "publicly_accessible": false,
            "storage_encrypted": false,
            "tags": {
              "Name": "chat-app-aurora-replica"
            },
            "tags_all": {
              "Environment": "prod",
              "ManagedBy": "Terraform",
              "Name": "chat-app-aurora-replica",
              "Project": "chat-app"
            },
            "timeouts": null,
            "writer": true
          },
          "sensitive_attributes": [],
          "identity_schema_version": 0,
          "private": "eyJlMmJmYjczMC1lY2FhLTExZTYtOGY4OC0zNDM2M2JjN2M0YzAiOnsiY3JlYXRlIjo1NDAwMDAwMDAwMDAwLCJkZWxldGUiOjU0MDAwMDAwMDAwMDAsInVwZGF0ZSI6NTQwMDAwMDAwMDAwMH19",
          "dependencies": [
            "aws_db_subnet_group.aurora",
            "aws_rds_cluster.aurora",
            "aws_security_group.app_alb",
            "aws_security_group.app_ec2",
            "aws_security_group.db",
            "aws_security_group.web_alb",
            "aws_security_group.web_ec2",
            "aws_subnet.db_private",
            "aws_vpc.main"
          ]
        }
      ]
    },
    {
      "mode": "managed",
      "type": "aws_route_table",
      "name": "app_private",
      "provider": "provider[\"registry.terraform.io/hashicorp/aws\"]",
      "instances": [
        {
          "index_key": 0,
          "schema_version": 0,
          "attributes": {
            "arn": "arn:aws:ec2:ap-south-1:235494809975:route-table/rtb-0e42e0c2387093569",
            "id": "rtb-0e42e0c2387093569",
            "owner_id": "235494809975",
            "propagating_vgws": [],
            "route": [
              {
                "carrier_gateway_id": "",
                "cidr_block": "0.0.0.0/0",
                "core_network_arn": "",
                "destination_prefix_list_id": "",
                "egress_only_gateway_id": "",
                "gateway_id": "",
                "ipv6_cidr_block": "",
                "local_gateway_id": "",
                "nat_gateway_id": "nat-0612d4e544e5a6385",
                "network_interface_id": "",
                "transit_gateway_id": "",
                "vpc_endpoint_id": "",
                "vpc_peering_connection_id": ""
              }
            ],
            "tags": {
              "Name": "chat-app-app-private-rt-1"
            },
            "tags_all": {
              "Environment": "prod",
              "ManagedBy": "Terraform",
              "Name": "chat-app-app-private-rt-1",
              "Project": "chat-app"
            },
            "timeouts": null,
            "vpc_id": "vpc-099502af5994b8130"
          },
          "sensitive_attributes": [],
          "identity_schema_version": 0,
          "private": "eyJlMmJmYjczMC1lY2FhLTExZTYtOGY4OC0zNDM2M2JjN2M0YzAiOnsiY3JlYXRlIjozMDAwMDAwMDAwMDAsImRlbGV0ZSI6MzAwMDAwMDAwMDAwLCJ1cGRhdGUiOjEyMDAwMDAwMDAwMH19",
          "dependencies": [
            "aws_eip.nat",
            "aws_internet_gateway.main",
            "aws_nat_gateway.main",
            "aws_subnet.public",
            "aws_vpc.main"
          ]
        },
        {
          "index_key": 1,
          "schema_version": 0,
          "attributes": {
            "arn": "arn:aws:ec2:ap-south-1:235494809975:route-table/rtb-026ec8b1f815866a5",
            "id": "rtb-026ec8b1f815866a5",
            "owner_id": "235494809975",
            "propagating_vgws": [],
            "route": [
              {
                "carrier_gateway_id": "",
                "cidr_block": "0.0.0.0/0",
                "core_network_arn": "",
                "destination_prefix_list_id": "",
                "egress_only_gateway_id": "",
                "gateway_id": "",
                "ipv6_cidr_block": "",
                "local_gateway_id": "",
                "nat_gateway_id": "nat-06b1c2f6a818c6673",
                "network_interface_id": "",
                "transit_gateway_id": "",
                "vpc_endpoint_id": "",
                "vpc_peering_connection_id": ""
              }
            ],
            "tags": {
              "Name": "chat-app-app-private-rt-2"
            },
            "tags_all": {
              "Environment": "prod",
              "ManagedBy": "Terraform",
              "Name": "chat-app-app-private-rt-2",
              "Project": "chat-app"
            },
            "timeouts": null,
            "vpc_id": "vpc-099502af5994b8130"
          },
          "sensitive_attributes": [],
          "identity_schema_version": 0,
          "private": "eyJlMmJmYjczMC1lY2FhLTExZTYtOGY4OC0zNDM2M2JjN2M0YzAiOnsiY3JlYXRlIjozMDAwMDAwMDAwMDAsImRlbGV0ZSI6MzAwMDAwMDAwMDAwLCJ1cGRhdGUiOjEyMDAwMDAwMDAwMH19",
          "dependencies": [
            "aws_eip.nat",
            "aws_internet_gateway.main",
            "aws_nat_gateway.main",
            "aws_subnet.public",
            "aws_vpc.main"
          ]
        }
      ]
    },
    {
      "mode": "managed",
      "type": "aws_route_table",
      "name": "db_private",
      "provider": "provider[\"registry.terraform.io/hashicorp/aws\"]",
      "instances": [
        {
          "schema_version": 0,
          "attributes": {
            "arn": "arn:aws:ec2:ap-south-1:235494809975:route-table/rtb-026ac687e216dca9d",
            "id": "rtb-026ac687e216dca9d",
            "owner_id": "235494809975",
            "propagating_vgws": [],
            "route": [],
            "tags": {
              "Name": "chat-app-db-private-rt"
            },
            "tags_all": {
              "Environment": "prod",
              "ManagedBy": "Terraform",
              "Name": "chat-app-db-private-rt",
              "Project": "chat-app"
            },
            "timeouts": null,
            "vpc_id": "vpc-099502af5994b8130"
          },
          "sensitive_attributes": [],
          "identity_schema_version": 0,
          "private": "eyJlMmJmYjczMC1lY2FhLTExZTYtOGY4OC0zNDM2M2JjN2M0YzAiOnsiY3JlYXRlIjozMDAwMDAwMDAwMDAsImRlbGV0ZSI6MzAwMDAwMDAwMDAwLCJ1cGRhdGUiOjEyMDAwMDAwMDAwMH19",
          "dependencies": [
            "aws_vpc.main"
          ]
        }
      ]
    },
    {
      "mode": "managed",
      "type": "aws_route_table",
      "name": "public",
      "provider": "provider[\"registry.terraform.io/hashicorp/aws\"]",
      "instances": [
        {
          "schema_version": 0,
          "attributes": {
            "arn": "arn:aws:ec2:ap-south-1:235494809975:route-table/rtb-0ff44d46099e53e2c",
            "id": "rtb-0ff44d46099e53e2c",
            "owner_id": "235494809975",
            "propagating_vgws": [],
            "route": [
              {
                "carrier_gateway_id": "",
                "cidr_block": "0.0.0.0/0",
                "core_network_arn": "",
                "destination_prefix_list_id": "",
                "egress_only_gateway_id": "",
                "gateway_id": "igw-0dac1ab68f47a28ca",
                "ipv6_cidr_block": "",
                "local_gateway_id": "",
                "nat_gateway_id": "",
                "network_interface_id": "",
                "transit_gateway_id": "",
                "vpc_endpoint_id": "",
                "vpc_peering_connection_id": ""
              }
            ],
            "tags": {
              "Name": "chat-app-public-rt"
            },
            "tags_all": {
              "Environment": "prod",
              "ManagedBy": "Terraform",
              "Name": "chat-app-public-rt",
              "Project": "chat-app"
            },
            "timeouts": null,
            "vpc_id": "vpc-099502af5994b8130"
          },
          "sensitive_attributes": [],
          "identity_schema_version": 0,
          "private": "eyJlMmJmYjczMC1lY2FhLTExZTYtOGY4OC0zNDM2M2JjN2M0YzAiOnsiY3JlYXRlIjozMDAwMDAwMDAwMDAsImRlbGV0ZSI6MzAwMDAwMDAwMDAwLCJ1cGRhdGUiOjEyMDAwMDAwMDAwMH19",
          "dependencies": [
            "aws_internet_gateway.main",
            "aws_vpc.main"
          ]
        }
      ]
    },
    {
      "mode": "managed",
      "type": "aws_route_table_association",
      "name": "app_private",
      "provider": "provider[\"registry.terraform.io/hashicorp/aws\"]",
      "instances": [
        {
          "index_key": 0,
          "schema_version": 0,
          "attributes": {
            "gateway_id": "",
            "id": "rtbassoc-0ddf7d03fa6cfe194",
            "route_table_id": "rtb-0e42e0c2387093569",
            "subnet_id": "subnet-031d348da6e8c0cc4",
            "timeouts": null
          },
          "sensitive_attributes": [],
          "identity_schema_version": 0,
          "private": "eyJlMmJmYjczMC1lY2FhLTExZTYtOGY4OC0zNDM2M2JjN2M0YzAiOnsiY3JlYXRlIjozMDAwMDAwMDAwMDAsImRlbGV0ZSI6MzAwMDAwMDAwMDAwLCJ1cGRhdGUiOjEyMDAwMDAwMDAwMH19",
          "dependencies": [
            "aws_eip.nat",
            "aws_internet_gateway.main",
            "aws_nat_gateway.main",
            "aws_route_table.app_private",
            "aws_subnet.app_private",
            "aws_subnet.public",
            "aws_vpc.main"
          ]
        },
        {
          "index_key": 1,
          "schema_version": 0,
          "attributes": {
            "gateway_id": "",
            "id": "rtbassoc-0154673bb6c097e5f",
            "route_table_id": "rtb-026ec8b1f815866a5",
            "subnet_id": "subnet-0a1cf7518b20a9a41",
            "timeouts": null
          },
          "sensitive_attributes": [],
          "identity_schema_version": 0,
          "private": "eyJlMmJmYjczMC1lY2FhLTExZTYtOGY4OC0zNDM2M2JjN2M0YzAiOnsiY3JlYXRlIjozMDAwMDAwMDAwMDAsImRlbGV0ZSI6MzAwMDAwMDAwMDAwLCJ1cGRhdGUiOjEyMDAwMDAwMDAwMH19",
          "dependencies": [
            "aws_eip.nat",
            "aws_internet_gateway.main",
            "aws_nat_gateway.main",
            "aws_route_table.app_private",
            "aws_subnet.app_private",
            "aws_subnet.public",
            "aws_vpc.main"
          ]
        }
      ]
    },
    {
      "mode": "managed",
      "type": "aws_route_table_association",
      "name": "db_private",
      "provider": "provider[\"registry.terraform.io/hashicorp/aws\"]",
      "instances": [
        {
          "index_key": 0,
          "schema_version": 0,
          "attributes": {
            "gateway_id": "",
            "id": "rtbassoc-008e0ec4964df4bde",
            "route_table_id": "rtb-026ac687e216dca9d",
            "subnet_id": "subnet-0487acc4e2f7cee73",
            "timeouts": null
          },
          "sensitive_attributes": [],
          "identity_schema_version": 0,
          "private": "eyJlMmJmYjczMC1lY2FhLTExZTYtOGY4OC0zNDM2M2JjN2M0YzAiOnsiY3JlYXRlIjozMDAwMDAwMDAwMDAsImRlbGV0ZSI6MzAwMDAwMDAwMDAwLCJ1cGRhdGUiOjEyMDAwMDAwMDAwMH19",
          "dependencies": [
            "aws_route_table.db_private",
            "aws_subnet.db_private",
            "aws_vpc.main"
          ]
        },
        {
          "index_key": 1,
          "schema_version": 0,
          "attributes": {
            "gateway_id": "",
            "id": "rtbassoc-059f84c7298c6024f",
            "route_table_id": "rtb-026ac687e216dca9d",
            "subnet_id": "subnet-048ff8875aff2a788",
            "timeouts": null
          },
          "sensitive_attributes": [],
          "identity_schema_version": 0,
          "private": "eyJlMmJmYjczMC1lY2FhLTExZTYtOGY4OC0zNDM2M2JjN2M0YzAiOnsiY3JlYXRlIjozMDAwMDAwMDAwMDAsImRlbGV0ZSI6MzAwMDAwMDAwMDAwLCJ1cGRhdGUiOjEyMDAwMDAwMDAwMH19",
          "dependencies": [
            "aws_route_table.db_private",
            "aws_subnet.db_private",
            "aws_vpc.main"
          ]
        }
      ]
    },
    {
      "mode": "managed",
      "type": "aws_route_table_association",
      "name": "public",
      "provider": "provider[\"registry.terraform.io/hashicorp/aws\"]",
      "instances": [
        {
          "index_key": 0,
          "schema_version": 0,
          "attributes": {
            "gateway_id": "",
            "id": "rtbassoc-09b6822d764a0bee2",
            "route_table_id": "rtb-0ff44d46099e53e2c",
            "subnet_id": "subnet-08549479419a8673e",
            "timeouts": null
          },
          "sensitive_attributes": [],
          "identity_schema_version": 0,
          "private": "eyJlMmJmYjczMC1lY2FhLTExZTYtOGY4OC0zNDM2M2JjN2M0YzAiOnsiY3JlYXRlIjozMDAwMDAwMDAwMDAsImRlbGV0ZSI6MzAwMDAwMDAwMDAwLCJ1cGRhdGUiOjEyMDAwMDAwMDAwMH19",
          "dependencies": [
            "aws_internet_gateway.main",
            "aws_route_table.public",
            "aws_subnet.public",
            "aws_vpc.main"
          ]
        },
        {
          "index_key": 1,
          "schema_version": 0,
          "attributes": {
            "gateway_id": "",
            "id": "rtbassoc-06fe55341e6dc4a70",
            "route_table_id": "rtb-0ff44d46099e53e2c",
            "subnet_id": "subnet-05cff5357d51f59c1",
            "timeouts": null
          },
          "sensitive_attributes": [],
          "identity_schema_version": 0,
          "private": "eyJlMmJmYjczMC1lY2FhLTExZTYtOGY4OC0zNDM2M2JjN2M0YzAiOnsiY3JlYXRlIjozMDAwMDAwMDAwMDAsImRlbGV0ZSI6MzAwMDAwMDAwMDAwLCJ1cGRhdGUiOjEyMDAwMDAwMDAwMH19",
          "dependencies": [
            "aws_internet_gateway.main",
            "aws_route_table.public",
            "aws_subnet.public",
            "aws_vpc.main"
          ]
        }
      ]
    },
    {
      "mode": "managed",
      "type": "aws_security_group",
      "name": "app_alb",
      "provider": "provider[\"registry.terraform.io/hashicorp/aws\"]",
      "instances": [
        {
          "schema_version": 1,
          "attributes": {
            "arn": "arn:aws:ec2:ap-south-1:235494809975:security-group/sg-0e8eb0e821d820216",
            "description": "Internal ALB: allow traffic from Web EC2 only",
            "egress": [
              {
                "cidr_blocks": [
                  "0.0.0.0/0"
                ],
                "description": "",
                "from_port": 0,
                "ipv6_cidr_blocks": [],
                "prefix_list_ids": [],
                "protocol": "-1",
                "security_groups": [],
                "self": false,
                "to_port": 0
              }
            ],
            "id": "sg-0e8eb0e821d820216",
            "ingress": [
              {
                "cidr_blocks": [],
                "description": "Django API from Web EC2",
                "from_port": 8000,
                "ipv6_cidr_blocks": [],
                "prefix_list_ids": [],
                "protocol": "tcp",
                "security_groups": [
                  "sg-076c0c385749103ea"
                ],
                "self": false,
                "to_port": 8000
              }
            ],
            "name": "chat-app-app-alb-sg",
            "name_prefix": "",
            "owner_id": "235494809975",
            "revoke_rules_on_delete": false,
            "tags": {
              "Name": "chat-app-app-alb-sg"
            },
            "tags_all": {
              "Environment": "prod",
              "ManagedBy": "Terraform",
              "Name": "chat-app-app-alb-sg",
              "Project": "chat-app"
            },
            "timeouts": null,
            "vpc_id": "vpc-099502af5994b8130"
          },
          "sensitive_attributes": [],
          "identity_schema_version": 0,
          "private": "eyJlMmJmYjczMC1lY2FhLTExZTYtOGY4OC0zNDM2M2JjN2M0YzAiOnsiY3JlYXRlIjo2MDAwMDAwMDAwMDAsImRlbGV0ZSI6OTAwMDAwMDAwMDAwfSwic2NoZW1hX3ZlcnNpb24iOiIxIn0=",
          "dependencies": [
            "aws_security_group.web_alb",
            "aws_security_group.web_ec2",
            "aws_vpc.main"
          ],
          "create_before_destroy": true
        }
      ]
    },
    {
      "mode": "managed",
      "type": "aws_security_group",
      "name": "app_ec2",
      "provider": "provider[\"registry.terraform.io/hashicorp/aws\"]",
      "instances": [
        {
          "schema_version": 1,
          "attributes": {
            "arn": "arn:aws:ec2:ap-south-1:235494809975:security-group/sg-0cf01c41734fde295",
            "description": "App EC2: allow traffic from internal ALB only",
            "egress": [
              {
                "cidr_blocks": [
                  "0.0.0.0/0"
                ],
                "description": "",
                "from_port": 0,
                "ipv6_cidr_blocks": [],
                "prefix_list_ids": [],
                "protocol": "-1",
                "security_groups": [],
                "self": false,
                "to_port": 0
              }
            ],
            "id": "sg-0cf01c41734fde295",
            "ingress": [
              {
                "cidr_blocks": [
                  "10.0.0.0/16"
                ],
                "description": "SSH within VPC",
                "from_port": 22,
                "ipv6_cidr_blocks": [],
                "prefix_list_ids": [],
                "protocol": "tcp",
                "security_groups": [],
                "self": false,
                "to_port": 22
              },
              {
                "cidr_blocks": [],
                "description": "Django from internal ALB",
                "from_port": 8000,
                "ipv6_cidr_blocks": [],
                "prefix_list_ids": [],
                "protocol": "tcp",
                "security_groups": [
                  "sg-0e8eb0e821d820216"
                ],
                "self": false,
                "to_port": 8000
              }
            ],
            "name": "chat-app-app-ec2-sg",
            "name_prefix": "",
            "owner_id": "235494809975",
            "revoke_rules_on_delete": false,
            "tags": {
              "Name": "chat-app-app-ec2-sg"
            },
            "tags_all": {
              "Environment": "prod",
              "ManagedBy": "Terraform",
              "Name": "chat-app-app-ec2-sg",
              "Project": "chat-app"
            },
            "timeouts": null,
            "vpc_id": "vpc-099502af5994b8130"
          },
          "sensitive_attributes": [],
          "identity_schema_version": 0,
          "private": "eyJlMmJmYjczMC1lY2FhLTExZTYtOGY4OC0zNDM2M2JjN2M0YzAiOnsiY3JlYXRlIjo2MDAwMDAwMDAwMDAsImRlbGV0ZSI6OTAwMDAwMDAwMDAwfSwic2NoZW1hX3ZlcnNpb24iOiIxIn0=",
          "dependencies": [
            "aws_security_group.app_alb",
            "aws_security_group.web_alb",
            "aws_security_group.web_ec2",
            "aws_vpc.main"
          ],
          "create_before_destroy": true
        }
      ]
    },
    {
      "mode": "managed",
      "type": "aws_security_group",
      "name": "db",
      "provider": "provider[\"registry.terraform.io/hashicorp/aws\"]",
      "instances": [
        {
          "schema_version": 1,
          "attributes": {
            "arn": "arn:aws:ec2:ap-south-1:235494809975:security-group/sg-0fcefd815aa416176",
            "description": "Aurora: allow PostgreSQL from App EC2 only",
            "egress": [
              {
                "cidr_blocks": [
                  "0.0.0.0/0"
                ],
                "description": "",
                "from_port": 0,
                "ipv6_cidr_blocks": [],
                "prefix_list_ids": [],
                "protocol": "-1",
                "security_groups": [],
                "self": false,
                "to_port": 0
              }
            ],
            "id": "sg-0fcefd815aa416176",
            "ingress": [
              {
                "cidr_blocks": [],
                "description": "PostgreSQL from App EC2",
                "from_port": 5432,
                "ipv6_cidr_blocks": [],
                "prefix_list_ids": [],
                "protocol": "tcp",
                "security_groups": [
                  "sg-0cf01c41734fde295"
                ],
                "self": false,
                "to_port": 5432
              }
            ],
            "name": "chat-app-db-sg",
            "name_prefix": "",
            "owner_id": "235494809975",
            "revoke_rules_on_delete": false,
            "tags": {
              "Name": "chat-app-db-sg"
            },
            "tags_all": {
              "Environment": "prod",
              "ManagedBy": "Terraform",
              "Name": "chat-app-db-sg",
              "Project": "chat-app"
            },
            "timeouts": null,
            "vpc_id": "vpc-099502af5994b8130"
          },
          "sensitive_attributes": [],
          "identity_schema_version": 0,
          "private": "eyJlMmJmYjczMC1lY2FhLTExZTYtOGY4OC0zNDM2M2JjN2M0YzAiOnsiY3JlYXRlIjo2MDAwMDAwMDAwMDAsImRlbGV0ZSI6OTAwMDAwMDAwMDAwfSwic2NoZW1hX3ZlcnNpb24iOiIxIn0=",
          "dependencies": [
            "aws_security_group.app_alb",
            "aws_security_group.app_ec2",
            "aws_security_group.web_alb",
            "aws_security_group.web_ec2",
            "aws_vpc.main"
          ],
          "create_before_destroy": true
        }
      ]
    },
    {
      "mode": "managed",
      "type": "aws_security_group",
      "name": "web_alb",
      "provider": "provider[\"registry.terraform.io/hashicorp/aws\"]",
      "instances": [
        {
          "schema_version": 1,
          "attributes": {
            "arn": "arn:aws:ec2:ap-south-1:235494809975:security-group/sg-0203947322a60b8ba",
            "description": "External ALB: allow HTTP/HTTPS from internet",
            "egress": [
              {
                "cidr_blocks": [
                  "0.0.0.0/0"
                ],
                "description": "",
                "from_port": 0,
                "ipv6_cidr_blocks": [],
                "prefix_list_ids": [],
                "protocol": "-1",
                "security_groups": [],
                "self": false,
                "to_port": 0
              }
            ],
            "id": "sg-0203947322a60b8ba",
            "ingress": [
              {
                "cidr_blocks": [
                  "0.0.0.0/0"
                ],
                "description": "HTTP from internet",
                "from_port": 80,
                "ipv6_cidr_blocks": [],
                "prefix_list_ids": [],
                "protocol": "tcp",
                "security_groups": [],
                "self": false,
                "to_port": 80
              },
              {
                "cidr_blocks": [
                  "0.0.0.0/0"
                ],
                "description": "HTTPS from internet",
                "from_port": 443,
                "ipv6_cidr_blocks": [],
                "prefix_list_ids": [],
                "protocol": "tcp",
                "security_groups": [],
                "self": false,
                "to_port": 443
              }
            ],
            "name": "chat-app-web-alb-sg",
            "name_prefix": "",
            "owner_id": "235494809975",
            "revoke_rules_on_delete": false,
            "tags": {
              "Name": "chat-app-web-alb-sg"
            },
            "tags_all": {
              "Environment": "prod",
              "ManagedBy": "Terraform",
              "Name": "chat-app-web-alb-sg",
              "Project": "chat-app"
            },
            "timeouts": null,
            "vpc_id": "vpc-099502af5994b8130"
          },
          "sensitive_attributes": [],
          "identity_schema_version": 0,
          "private": "eyJlMmJmYjczMC1lY2FhLTExZTYtOGY4OC0zNDM2M2JjN2M0YzAiOnsiY3JlYXRlIjo2MDAwMDAwMDAwMDAsImRlbGV0ZSI6OTAwMDAwMDAwMDAwfSwic2NoZW1hX3ZlcnNpb24iOiIxIn0=",
          "dependencies": [
            "aws_vpc.main"
          ],
          "create_before_destroy": true
        }
      ]
    },
    {
      "mode": "managed",
      "type": "aws_security_group",
      "name": "web_ec2",
      "provider": "provider[\"registry.terraform.io/hashicorp/aws\"]",
      "instances": [
        {
          "schema_version": 1,
          "attributes": {
            "arn": "arn:aws:ec2:ap-south-1:235494809975:security-group/sg-076c0c385749103ea",
            "description": "Web EC2: allow traffic from external ALB only",
            "egress": [
              {
                "cidr_blocks": [
                  "0.0.0.0/0"
                ],
                "description": "",
                "from_port": 0,
                "ipv6_cidr_blocks": [],
                "prefix_list_ids": [],
                "protocol": "-1",
                "security_groups": [],
                "self": false,
                "to_port": 0
              }
            ],
            "id": "sg-076c0c385749103ea",
            "ingress": [
              {
                "cidr_blocks": [
                  "10.0.0.0/16"
                ],
                "description": "SSH within VPC",
                "from_port": 22,
                "ipv6_cidr_blocks": [],
                "prefix_list_ids": [],
                "protocol": "tcp",
                "security_groups": [],
                "self": false,
                "to_port": 22
              },
              {
                "cidr_blocks": [],
                "description": "HTTP from external ALB",
                "from_port": 80,
                "ipv6_cidr_blocks": [],
                "prefix_list_ids": [],
                "protocol": "tcp",
                "security_groups": [
                  "sg-0203947322a60b8ba"
                ],
                "self": false,
                "to_port": 80
              },
              {
                "cidr_blocks": [],
                "description": "HTTPS from external ALB",
                "from_port": 443,
                "ipv6_cidr_blocks": [],
                "prefix_list_ids": [],
                "protocol": "tcp",
                "security_groups": [
                  "sg-0203947322a60b8ba"
                ],
                "self": false,
                "to_port": 443
              }
            ],
            "name": "chat-app-web-ec2-sg",
            "name_prefix": "",
            "owner_id": "235494809975",
            "revoke_rules_on_delete": false,
            "tags": {
              "Name": "chat-app-web-ec2-sg"
            },
            "tags_all": {
              "Environment": "prod",
              "ManagedBy": "Terraform",
              "Name": "chat-app-web-ec2-sg",
              "Project": "chat-app"
            },
            "timeouts": null,
            "vpc_id": "vpc-099502af5994b8130"
          },
          "sensitive_attributes": [],
          "identity_schema_version": 0,
          "private": "eyJlMmJmYjczMC1lY2FhLTExZTYtOGY4OC0zNDM2M2JjN2M0YzAiOnsiY3JlYXRlIjo2MDAwMDAwMDAwMDAsImRlbGV0ZSI6OTAwMDAwMDAwMDAwfSwic2NoZW1hX3ZlcnNpb24iOiIxIn0=",
          "dependencies": [
            "aws_security_group.web_alb",
            "aws_vpc.main"
          ],
          "create_before_destroy": true
        }
      ]
    },
    {
      "mode": "managed",
      "type": "aws_subnet",
      "name": "app_private",
      "provider": "provider[\"registry.terraform.io/hashicorp/aws\"]",
      "instances": [
        {
          "index_key": 0,
          "schema_version": 1,
          "attributes": {
            "arn": "arn:aws:ec2:ap-south-1:235494809975:subnet/subnet-031d348da6e8c0cc4",
            "assign_ipv6_address_on_creation": false,
            "availability_zone": "ap-south-1a",
            "availability_zone_id": "aps1-az1",
            "cidr_block": "10.0.10.0/24",
            "customer_owned_ipv4_pool": "",
            "enable_dns64": false,
            "enable_lni_at_device_index": 0,
            "enable_resource_name_dns_a_record_on_launch": false,
            "enable_resource_name_dns_aaaa_record_on_launch": false,
            "id": "subnet-031d348da6e8c0cc4",
            "ipv6_cidr_block": "",
            "ipv6_cidr_block_association_id": "",
            "ipv6_native": false,
            "map_customer_owned_ip_on_launch": false,
            "map_public_ip_on_launch": false,
            "outpost_arn": "",
            "owner_id": "235494809975",
            "private_dns_hostname_type_on_launch": "ip-name",
            "tags": {
              "Name": "chat-app-app-private-subnet-1"
            },
            "tags_all": {
              "Environment": "prod",
              "ManagedBy": "Terraform",
              "Name": "chat-app-app-private-subnet-1",
              "Project": "chat-app"
            },
            "timeouts": null,
            "vpc_id": "vpc-099502af5994b8130"
          },
          "sensitive_attributes": [],
          "identity_schema_version": 0,
          "private": "eyJlMmJmYjczMC1lY2FhLTExZTYtOGY4OC0zNDM2M2JjN2M0YzAiOnsiY3JlYXRlIjo2MDAwMDAwMDAwMDAsImRlbGV0ZSI6MTIwMDAwMDAwMDAwMH0sInNjaGVtYV92ZXJzaW9uIjoiMSJ9",
          "dependencies": [
            "aws_vpc.main"
          ],
          "create_before_destroy": true
        },
        {
          "index_key": 1,
          "schema_version": 1,
          "attributes": {
            "arn": "arn:aws:ec2:ap-south-1:235494809975:subnet/subnet-0a1cf7518b20a9a41",
            "assign_ipv6_address_on_creation": false,
            "availability_zone": "ap-south-1b",
            "availability_zone_id": "aps1-az3",
            "cidr_block": "10.0.11.0/24",
            "customer_owned_ipv4_pool": "",
            "enable_dns64": false,
            "enable_lni_at_device_index": 0,
            "enable_resource_name_dns_a_record_on_launch": false,
            "enable_resource_name_dns_aaaa_record_on_launch": false,
            "id": "subnet-0a1cf7518b20a9a41",
            "ipv6_cidr_block": "",
            "ipv6_cidr_block_association_id": "",
            "ipv6_native": false,
            "map_customer_owned_ip_on_launch": false,
            "map_public_ip_on_launch": false,
            "outpost_arn": "",
            "owner_id": "235494809975",
            "private_dns_hostname_type_on_launch": "ip-name",
            "tags": {
              "Name": "chat-app-app-private-subnet-2"
            },
            "tags_all": {
              "Environment": "prod",
              "ManagedBy": "Terraform",
              "Name": "chat-app-app-private-subnet-2",
              "Project": "chat-app"
            },
            "timeouts": null,
            "vpc_id": "vpc-099502af5994b8130"
          },
          "sensitive_attributes": [],
          "identity_schema_version": 0,
          "private": "eyJlMmJmYjczMC1lY2FhLTExZTYtOGY4OC0zNDM2M2JjN2M0YzAiOnsiY3JlYXRlIjo2MDAwMDAwMDAwMDAsImRlbGV0ZSI6MTIwMDAwMDAwMDAwMH0sInNjaGVtYV92ZXJzaW9uIjoiMSJ9",
          "dependencies": [
            "aws_vpc.main"
          ],
          "create_before_destroy": true
        }
      ]
    },
    {
      "mode": "managed",
      "type": "aws_subnet",
      "name": "db_private",
      "provider": "provider[\"registry.terraform.io/hashicorp/aws\"]",
      "instances": [
        {
          "index_key": 0,
          "schema_version": 1,
          "attributes": {
            "arn": "arn:aws:ec2:ap-south-1:235494809975:subnet/subnet-0487acc4e2f7cee73",
            "assign_ipv6_address_on_creation": false,
            "availability_zone": "ap-south-1a",
            "availability_zone_id": "aps1-az1",
            "cidr_block": "10.0.20.0/24",
            "customer_owned_ipv4_pool": "",
            "enable_dns64": false,
            "enable_lni_at_device_index": 0,
            "enable_resource_name_dns_a_record_on_launch": false,
            "enable_resource_name_dns_aaaa_record_on_launch": false,
            "id": "subnet-0487acc4e2f7cee73",
            "ipv6_cidr_block": "",
            "ipv6_cidr_block_association_id": "",
            "ipv6_native": false,
            "map_customer_owned_ip_on_launch": false,
            "map_public_ip_on_launch": false,
            "outpost_arn": "",
            "owner_id": "235494809975",
            "private_dns_hostname_type_on_launch": "ip-name",
            "tags": {
              "Name": "chat-app-db-private-subnet-1"
            },
            "tags_all": {
              "Environment": "prod",
              "ManagedBy": "Terraform",
              "Name": "chat-app-db-private-subnet-1",
              "Project": "chat-app"
            },
            "timeouts": null,
            "vpc_id": "vpc-099502af5994b8130"
          },
          "sensitive_attributes": [],
          "identity_schema_version": 0,
          "private": "eyJlMmJmYjczMC1lY2FhLTExZTYtOGY4OC0zNDM2M2JjN2M0YzAiOnsiY3JlYXRlIjo2MDAwMDAwMDAwMDAsImRlbGV0ZSI6MTIwMDAwMDAwMDAwMH0sInNjaGVtYV92ZXJzaW9uIjoiMSJ9",
          "dependencies": [
            "aws_vpc.main"
          ],
          "create_before_destroy": true
        },
        {
          "index_key": 1,
          "schema_version": 1,
          "attributes": {
            "arn": "arn:aws:ec2:ap-south-1:235494809975:subnet/subnet-048ff8875aff2a788",
            "assign_ipv6_address_on_creation": false,
            "availability_zone": "ap-south-1b",
            "availability_zone_id": "aps1-az3",
            "cidr_block": "10.0.21.0/24",
            "customer_owned_ipv4_pool": "",
            "enable_dns64": false,
            "enable_lni_at_device_index": 0,
            "enable_resource_name_dns_a_record_on_launch": false,
            "enable_resource_name_dns_aaaa_record_on_launch": false,
            "id": "subnet-048ff8875aff2a788",
            "ipv6_cidr_block": "",
            "ipv6_cidr_block_association_id": "",
            "ipv6_native": false,
            "map_customer_owned_ip_on_launch": false,
            "map_public_ip_on_launch": false,
            "outpost_arn": "",
            "owner_id": "235494809975",
            "private_dns_hostname_type_on_launch": "ip-name",
            "tags": {
              "Name": "chat-app-db-private-subnet-2"
            },
            "tags_all": {
              "Environment": "prod",
              "ManagedBy": "Terraform",
              "Name": "chat-app-db-private-subnet-2",
              "Project": "chat-app"
            },
            "timeouts": null,
            "vpc_id": "vpc-099502af5994b8130"
          },
          "sensitive_attributes": [],
          "identity_schema_version": 0,
          "private": "eyJlMmJmYjczMC1lY2FhLTExZTYtOGY4OC0zNDM2M2JjN2M0YzAiOnsiY3JlYXRlIjo2MDAwMDAwMDAwMDAsImRlbGV0ZSI6MTIwMDAwMDAwMDAwMH0sInNjaGVtYV92ZXJzaW9uIjoiMSJ9",
          "dependencies": [
            "aws_vpc.main"
          ],
          "create_before_destroy": true
        }
      ]
    },
    {
      "mode": "managed",
      "type": "aws_subnet",
      "name": "public",
      "provider": "provider[\"registry.terraform.io/hashicorp/aws\"]",
      "instances": [
        {
          "index_key": 0,
          "schema_version": 1,
          "attributes": {
            "arn": "arn:aws:ec2:ap-south-1:235494809975:subnet/subnet-08549479419a8673e",
            "assign_ipv6_address_on_creation": false,
            "availability_zone": "ap-south-1a",
            "availability_zone_id": "aps1-az1",
            "cidr_block": "10.0.1.0/24",
            "customer_owned_ipv4_pool": "",
            "enable_dns64": false,
            "enable_lni_at_device_index": 0,
            "enable_resource_name_dns_a_record_on_launch": false,
            "enable_resource_name_dns_aaaa_record_on_launch": false,
            "id": "subnet-08549479419a8673e",
            "ipv6_cidr_block": "",
            "ipv6_cidr_block_association_id": "",
            "ipv6_native": false,
            "map_customer_owned_ip_on_launch": false,
            "map_public_ip_on_launch": true,
            "outpost_arn": "",
            "owner_id": "235494809975",
            "private_dns_hostname_type_on_launch": "ip-name",
            "tags": {
              "Name": "chat-app-public-subnet-1"
            },
            "tags_all": {
              "Environment": "prod",
              "ManagedBy": "Terraform",
              "Name": "chat-app-public-subnet-1",
              "Project": "chat-app"
            },
            "timeouts": null,
            "vpc_id": "vpc-099502af5994b8130"
          },
          "sensitive_attributes": [],
          "identity_schema_version": 0,
          "private": "eyJlMmJmYjczMC1lY2FhLTExZTYtOGY4OC0zNDM2M2JjN2M0YzAiOnsiY3JlYXRlIjo2MDAwMDAwMDAwMDAsImRlbGV0ZSI6MTIwMDAwMDAwMDAwMH0sInNjaGVtYV92ZXJzaW9uIjoiMSJ9",
          "dependencies": [
            "aws_vpc.main"
          ],
          "create_before_destroy": true
        },
        {
          "index_key": 1,
          "schema_version": 1,
          "attributes": {
            "arn": "arn:aws:ec2:ap-south-1:235494809975:subnet/subnet-05cff5357d51f59c1",
            "assign_ipv6_address_on_creation": false,
            "availability_zone": "ap-south-1b",
            "availability_zone_id": "aps1-az3",
            "cidr_block": "10.0.2.0/24",
            "customer_owned_ipv4_pool": "",
            "enable_dns64": false,
            "enable_lni_at_device_index": 0,
            "enable_resource_name_dns_a_record_on_launch": false,
            "enable_resource_name_dns_aaaa_record_on_launch": false,
            "id": "subnet-05cff5357d51f59c1",
            "ipv6_cidr_block": "",
            "ipv6_cidr_block_association_id": "",
            "ipv6_native": false,
            "map_customer_owned_ip_on_launch": false,
            "map_public_ip_on_launch": true,
            "outpost_arn": "",
            "owner_id": "235494809975",
            "private_dns_hostname_type_on_launch": "ip-name",
            "tags": {
              "Name": "chat-app-public-subnet-2"
            },
            "tags_all": {
              "Environment": "prod",
              "ManagedBy": "Terraform",
              "Name": "chat-app-public-subnet-2",
              "Project": "chat-app"
            },
            "timeouts": null,
            "vpc_id": "vpc-099502af5994b8130"
          },
          "sensitive_attributes": [],
          "identity_schema_version": 0,
          "private": "eyJlMmJmYjczMC1lY2FhLTExZTYtOGY4OC0zNDM2M2JjN2M0YzAiOnsiY3JlYXRlIjo2MDAwMDAwMDAwMDAsImRlbGV0ZSI6MTIwMDAwMDAwMDAwMH0sInNjaGVtYV92ZXJzaW9uIjoiMSJ9",
          "dependencies": [
            "aws_vpc.main"
          ],
          "create_before_destroy": true
        }
      ]
    },
    {
      "mode": "managed",
      "type": "aws_vpc",
      "name": "main",
      "provider": "provider[\"registry.terraform.io/hashicorp/aws\"]",
      "instances": [
        {
          "schema_version": 1,
          "attributes": {
            "arn": "arn:aws:ec2:ap-south-1:235494809975:vpc/vpc-099502af5994b8130",
            "assign_generated_ipv6_cidr_block": false,
            "cidr_block": "10.0.0.0/16",
            "default_network_acl_id": "acl-0104c5de66ee85656",
            "default_route_table_id": "rtb-0d84751754dbd3d9b",
            "default_security_group_id": "sg-01852a4875c7ebf64",
            "dhcp_options_id": "dopt-0a5229e1e1d9f47de",
            "enable_dns_hostnames": true,
            "enable_dns_support": true,
            "enable_network_address_usage_metrics": false,
            "id": "vpc-099502af5994b8130",
            "instance_tenancy": "default",
            "ipv4_ipam_pool_id": null,
            "ipv4_netmask_length": null,
            "ipv6_association_id": "",
            "ipv6_cidr_block": "",
            "ipv6_cidr_block_network_border_group": "",
            "ipv6_ipam_pool_id": "",
            "ipv6_netmask_length": 0,
            "main_route_table_id": "rtb-0d84751754dbd3d9b",
            "owner_id": "235494809975",
            "tags": {
              "Name": "chat-app-vpc"
            },
            "tags_all": {
              "Environment": "prod",
              "ManagedBy": "Terraform",
              "Name": "chat-app-vpc",
              "Project": "chat-app"
            }
          },
          "sensitive_attributes": [],
          "identity_schema_version": 0,
          "private": "eyJzY2hlbWFfdmVyc2lvbiI6IjEifQ==",
          "create_before_destroy": true
        }
      ]
    }
  ],
  "check_results": null
}
